
Microsoft Visual Studio Solution File, Format Version 12.00
# Visual Studio Version 16
VisualStudioVersion = 16.0.29806.167
MinimumVisualStudioVersion = 10.0.40219.1
Project("{2150E333-8FDC-42A3-9474-1A3956D46DE8}") = "01.Net应用程序和工具", "01.Net应用程序和工具", "{9B237426-D333-4525-AAB4-3AC841587B27}"
EndProject
Project("{9A19103F-16F7-4668-BE54-9A1E7A4F7556}") = "HelloWorld", "01_code\HelloWorld\HelloWorld.csproj", "{A6B8B1C9-9860-4BF7-B0FC-000A0AA76C76}"
EndProject
Project("{9A19103F-16F7-4668-BE54-9A1E7A4F7556}") = "SelfContainedHelloWorld", "01_code\SelfContainedHelloWorld\SelfContainedHelloWorld.csproj", "{AF1C120F-5A61-4C50-ABDD-BD901071A7AE}"
EndProject
Project("{9A19103F-16F7-4668-BE54-9A1E7A4F7556}") = "VSHelloWorld", "01_code\VSHelloWorld\VSHelloWorld\VSHelloWorld.csproj", "{CB71FA4B-A492-40ED-A5CF-7F1AB0C53C14}"
EndProject
Project("{9A19103F-16F7-4668-BE54-9A1E7A4F7556}") = "WebApp", "01_code\WebApp\WebApp.csproj", "{F0A5EB77-92DE-4679-B14F-61D139706F04}"
EndProject
Project("{2150E333-8FDC-42A3-9474-1A3956D46DE8}") = "02.核心CSharp", "02.核心CSharp", "{F80797A5-390D-4EF1-BF6A-2B665B9D223F}"
EndProject
Project("{9A19103F-16F7-4668-BE54-9A1E7A4F7556}") = "ArgumentsSample", "02_code\CoreCSharpSamples\ArgumentsSample\ArgumentsSample.csproj", "{AA252CE5-E529-454E-9E8A-C0CE47296984}"
EndProject
Project("{9A19103F-16F7-4668-BE54-9A1E7A4F7556}") = "ForLoop", "02_code\CoreCSharpSamples\ForLoop\ForLoop.csproj", "{12EA2623-11EE-4C4E-B77C-576C9326B15D}"
EndProject
Project("{9A19103F-16F7-4668-BE54-9A1E7A4F7556}") = "HelloWorldApp", "02_code\CoreCSharpSamples\HelloWorldApp\HelloWorldApp.csproj", "{317A59E3-CE2E-413C-851F-66D6057E506F}"
EndProject
Project("{9A19103F-16F7-4668-BE54-9A1E7A4F7556}") = "IfStatement", "02_code\CoreCSharpSamples\IfStatement\IfStatement.csproj", "{590922A8-8CD7-43A5-822B-AA8C5E2E0A79}"
EndProject
Project("{9A19103F-16F7-4668-BE54-9A1E7A4F7556}") = "MathClient", "02_code\CoreCSharpSamples\MathClient\MathClient.csproj", "{BC521EDD-6F17-42A8-B12D-2EFF9A835A72}"
EndProject
Project("{9A19103F-16F7-4668-BE54-9A1E7A4F7556}") = "MathLib", "02_code\CoreCSharpSamples\MathLib\MathLib.csproj", "{8781E54F-1B3B-4ACE-B7DB-07D8B3861373}"
EndProject
Project("{9A19103F-16F7-4668-BE54-9A1E7A4F7556}") = "NamespaceSample", "02_code\CoreCSharpSamples\NamespaceSample\NamespaceSample.csproj", "{980524C6-C6B8-492F-AD36-061C0D151846}"
EndProject
Project("{9A19103F-16F7-4668-BE54-9A1E7A4F7556}") = "StringSample", "02_code\CoreCSharpSamples\StringSample\StringSample.csproj", "{1D0A55A7-0ED3-4EDF-A954-5E5E0F37B92B}"
EndProject
Project("{9A19103F-16F7-4668-BE54-9A1E7A4F7556}") = "UsingNumbers", "02_code\CoreCSharpSamples\UsingNumbers\UsingNumbers.csproj", "{B2763B3F-1340-4CAC-B54F-5660940014D7}"
EndProject
Project("{9A19103F-16F7-4668-BE54-9A1E7A4F7556}") = "VariableScopeSample", "02_code\CoreCSharpSamples\VariableScopeSample\VariableScopeSample.csproj", "{379C57FF-0759-4E03-814B-91BB8FD7FB9D}"
EndProject
Project("{9A19103F-16F7-4668-BE54-9A1E7A4F7556}") = "VariableScopeSample2", "02_code\CoreCSharpSamples\VariableScopeSample2\VariableScopeSample2.csproj", "{C9D38E8F-25CD-43C2-B963-BFD51608C013}"
EndProject
Project("{9A19103F-16F7-4668-BE54-9A1E7A4F7556}") = "VariableScopeSample3", "02_code\CoreCSharpSamples\VariableScopeSample3\VariableScopeSample3.csproj", "{9ABAA561-5E70-4786-8D02-0B6F799FA384}"
EndProject
Project("{9A19103F-16F7-4668-BE54-9A1E7A4F7556}") = "VariablesSample", "02_code\CoreCSharpSamples\VariablesSample\VariablesSample.csproj", "{2958C857-7D9F-46D0-870B-067FF7919ED5}"
EndProject
Project("{2150E333-8FDC-42A3-9474-1A3956D46DE8}") = "03对象与类型", "03对象与类型", "{05088763-6C4F-4262-9238-67EAB1A9D8F7}"
EndProject
Project("{9A19103F-16F7-4668-BE54-9A1E7A4F7556}") = "ClassesSample", "03_ObjectsAndTypes\ObjectsAndTypes\ClassesSample\ClassesSample.csproj", "{6C6DA660-8670-479C-B9FD-D4F071D404A7}"
EndProject
Project("{9A19103F-16F7-4668-BE54-9A1E7A4F7556}") = "EnumSample", "03_ObjectsAndTypes\ObjectsAndTypes\EnumSample\EnumSample.csproj", "{C73F9946-C68D-408F-B88B-3429833326A8}"
EndProject
Project("{9A19103F-16F7-4668-BE54-9A1E7A4F7556}") = "ExtensionMethods", "03_ObjectsAndTypes\ObjectsAndTypes\ExtensionMethods\ExtensionMethods.csproj", "{C1F95ADB-E1D5-43F9-B6AB-B27A88BE4515}"
EndProject
Project("{9A19103F-16F7-4668-BE54-9A1E7A4F7556}") = "InParameterSample", "03_ObjectsAndTypes\ObjectsAndTypes\InParameterSample\InParameterSample.csproj", "{A6ACC687-AC49-4971-81BC-1F32D3E301A0}"
EndProject
Project("{9A19103F-16F7-4668-BE54-9A1E7A4F7556}") = "MathSample", "03_ObjectsAndTypes\ObjectsAndTypes\MathSample\MathSample.csproj", "{BA48A603-F3A5-4720-97C8-C75A2CD1D572}"
EndProject
Project("{9A19103F-16F7-4668-BE54-9A1E7A4F7556}") = "MethodSample", "03_ObjectsAndTypes\ObjectsAndTypes\MethodSample\MethodSample.csproj", "{48A1FC20-8FC6-4167-B50E-972D1585FCC2}"
EndProject
Project("{9A19103F-16F7-4668-BE54-9A1E7A4F7556}") = "OutKeywordSample", "03_ObjectsAndTypes\ObjectsAndTypes\OutKeywordSample\OutKeywordSample.csproj", "{24253C58-9E27-4480-AC2F-90277526B2A4}"
EndProject
Project("{9A19103F-16F7-4668-BE54-9A1E7A4F7556}") = "PassingByValueAndReference", "03_ObjectsAndTypes\ObjectsAndTypes\PassingByValueAndReference\PassingByValueAndReference.csproj", "{64BE9BD4-2C9B-4EA0-98D6-C5B71FECBEE1}"
EndProject
Project("{9A19103F-16F7-4668-BE54-9A1E7A4F7556}") = "ReadonlyStructSample", "03_ObjectsAndTypes\ObjectsAndTypes\ReadonlyStructSample\ReadonlyStructSample.csproj", "{376C2D3B-E693-4138-9527-A6DCF52E7C79}"
EndProject
Project("{9A19103F-16F7-4668-BE54-9A1E7A4F7556}") = "RefStructSample", "03_ObjectsAndTypes\ObjectsAndTypes\RefStructSample\RefStructSample.csproj", "{2B90AB16-3A17-45A2-B045-77D627FFEBBE}"
EndProject
Project("{9A19103F-16F7-4668-BE54-9A1E7A4F7556}") = "StaticConstructorSample", "03_ObjectsAndTypes\ObjectsAndTypes\StaticConstructorSample\StaticConstructorSample.csproj", "{C61A5553-3AC4-405E-9E85-9EEDF664EA78}"
EndProject
Project("{9A19103F-16F7-4668-BE54-9A1E7A4F7556}") = "StructsSample", "03_ObjectsAndTypes\ObjectsAndTypes\StructsSample\StructsSample.csproj", "{4033B233-2346-466E-8061-4BAA0D322A77}"
EndProject
Project("{2150E333-8FDC-42A3-9474-1A3956D46DE8}") = "04继承", "04继承", "{7F9B85D7-43F7-420B-A8CE-FE078022A9BC}"
EndProject
Project("{9A19103F-16F7-4668-BE54-9A1E7A4F7556}") = "InheritanceWithConstructors", "04_OOSamples\InheritanceWithConstructors\InheritanceWithConstructors.csproj", "{15A94D59-73C9-4A5A-B593-5D18D88DF372}"
EndProject
Project("{9A19103F-16F7-4668-BE54-9A1E7A4F7556}") = "UsingInterfaces", "04_OOSamples\UsingInterfaces\UsingInterfaces.csproj", "{ECD1B017-B22C-435F-8776-784F38E7F3CA}"
EndProject
Project("{9A19103F-16F7-4668-BE54-9A1E7A4F7556}") = "VirtualMethods", "04_OOSamples\VirtualMethods\VirtualMethods.csproj", "{50A81FE7-66D5-4467-B00F-43EDB2F4C65D}"
EndProject
Project("{9A19103F-16F7-4668-BE54-9A1E7A4F7556}") = "ReferencesPolymorphic", "04_OOSamples\ReferencesPolymorphic\ReferencesPolymorphic.csproj", "{4E7BE96A-7E8E-43A9-B64A-C0C2435B83A8}"
EndProject
Project("{9A19103F-16F7-4668-BE54-9A1E7A4F7556}") = "CastingReferenceConversions", "04_OOSamples\CastingReferenceConversions\CastingReferenceConversions.csproj", "{1021B197-BECF-431E-AD77-AD82A861AB43}"
EndProject
Project("{9A19103F-16F7-4668-BE54-9A1E7A4F7556}") = "VirtualFunctionMembers", "04_OOSamples\VirtualFunctionMembers\VirtualFunctionMembers.csproj", "{B33B93F8-B969-4686-BD5A-DED25182CB67}"
EndProject
Project("{9A19103F-16F7-4668-BE54-9A1E7A4F7556}") = "AbstractClassesAbstractMembers", "04_OOSamples\AbstractClassesAbstractMembers\AbstractClassesAbstractMembers.csproj", "{933C7FEA-26F3-40A6-9AC7-14245E0C3112}"
EndProject
Project("{9A19103F-16F7-4668-BE54-9A1E7A4F7556}") = "NewVsVirtual", "04_OOSamples\NewVsVirtual\NewVsVirtual.csproj", "{268BB388-89AA-46BF-8894-F0B6EDCDE989}"
EndProject
Project("{9A19103F-16F7-4668-BE54-9A1E7A4F7556}") = "InheritanceBaseSample", "04_OOSamples\InheritanceBaseSample\InheritanceBaseSample.csproj", "{0DAD51F8-7E04-4E33-9382-17A5D60AA3C5}"
EndProject
Project("{FAE04EC0-301F-11D3-BF4B-00C04F79EFBC}") = "InheritFromObject", "04_OOSamples\InheritFromObject\InheritFromObject.csproj", "{5E159C96-7763-4874-AC3A-4A84B2FFDC0B}"
EndProject
Global
	GlobalSection(SolutionConfigurationPlatforms) = preSolution
		Debug|Any CPU = Debug|Any CPU
		Release|Any CPU = Release|Any CPU
	EndGlobalSection
	GlobalSection(ProjectConfigurationPlatforms) = postSolution
		{A6B8B1C9-9860-4BF7-B0FC-000A0AA76C76}.Debug|Any CPU.ActiveCfg = Debug|Any CPU
		{A6B8B1C9-9860-4BF7-B0FC-000A0AA76C76}.Debug|Any CPU.Build.0 = Debug|Any CPU
		{A6B8B1C9-9860-4BF7-B0FC-000A0AA76C76}.Release|Any CPU.ActiveCfg = Release|Any CPU
		{A6B8B1C9-9860-4BF7-B0FC-000A0AA76C76}.Release|Any CPU.Build.0 = Release|Any CPU
		{AF1C120F-5A61-4C50-ABDD-BD901071A7AE}.Debug|Any CPU.ActiveCfg = Debug|Any CPU
		{AF1C120F-5A61-4C50-ABDD-BD901071A7AE}.Debug|Any CPU.Build.0 = Debug|Any CPU
		{AF1C120F-5A61-4C50-ABDD-BD901071A7AE}.Release|Any CPU.ActiveCfg = Release|Any CPU
		{AF1C120F-5A61-4C50-ABDD-BD901071A7AE}.Release|Any CPU.Build.0 = Release|Any CPU
		{CB71FA4B-A492-40ED-A5CF-7F1AB0C53C14}.Debug|Any CPU.ActiveCfg = Debug|Any CPU
		{CB71FA4B-A492-40ED-A5CF-7F1AB0C53C14}.Debug|Any CPU.Build.0 = Debug|Any CPU
		{CB71FA4B-A492-40ED-A5CF-7F1AB0C53C14}.Release|Any CPU.ActiveCfg = Release|Any CPU
		{CB71FA4B-A492-40ED-A5CF-7F1AB0C53C14}.Release|Any CPU.Build.0 = Release|Any CPU
		{F0A5EB77-92DE-4679-B14F-61D139706F04}.Debug|Any CPU.ActiveCfg = Debug|Any CPU
		{F0A5EB77-92DE-4679-B14F-61D139706F04}.Debug|Any CPU.Build.0 = Debug|Any CPU
		{F0A5EB77-92DE-4679-B14F-61D139706F04}.Release|Any CPU.ActiveCfg = Release|Any CPU
		{F0A5EB77-92DE-4679-B14F-61D139706F04}.Release|Any CPU.Build.0 = Release|Any CPU
		{AA252CE5-E529-454E-9E8A-C0CE47296984}.Debug|Any CPU.ActiveCfg = Debug|Any CPU
		{AA252CE5-E529-454E-9E8A-C0CE47296984}.Debug|Any CPU.Build.0 = Debug|Any CPU
		{AA252CE5-E529-454E-9E8A-C0CE47296984}.Release|Any CPU.ActiveCfg = Release|Any CPU
		{AA252CE5-E529-454E-9E8A-C0CE47296984}.Release|Any CPU.Build.0 = Release|Any CPU
		{12EA2623-11EE-4C4E-B77C-576C9326B15D}.Debug|Any CPU.ActiveCfg = Debug|Any CPU
		{12EA2623-11EE-4C4E-B77C-576C9326B15D}.Debug|Any CPU.Build.0 = Debug|Any CPU
		{12EA2623-11EE-4C4E-B77C-576C9326B15D}.Release|Any CPU.ActiveCfg = Release|Any CPU
		{12EA2623-11EE-4C4E-B77C-576C9326B15D}.Release|Any CPU.Build.0 = Release|Any CPU
		{317A59E3-CE2E-413C-851F-66D6057E506F}.Debug|Any CPU.ActiveCfg = Debug|Any CPU
		{317A59E3-CE2E-413C-851F-66D6057E506F}.Debug|Any CPU.Build.0 = Debug|Any CPU
		{317A59E3-CE2E-413C-851F-66D6057E506F}.Release|Any CPU.ActiveCfg = Release|Any CPU
		{317A59E3-CE2E-413C-851F-66D6057E506F}.Release|Any CPU.Build.0 = Release|Any CPU
		{590922A8-8CD7-43A5-822B-AA8C5E2E0A79}.Debug|Any CPU.ActiveCfg = Debug|Any CPU
		{590922A8-8CD7-43A5-822B-AA8C5E2E0A79}.Debug|Any CPU.Build.0 = Debug|Any CPU
		{590922A8-8CD7-43A5-822B-AA8C5E2E0A79}.Release|Any CPU.ActiveCfg = Release|Any CPU
		{590922A8-8CD7-43A5-822B-AA8C5E2E0A79}.Release|Any CPU.Build.0 = Release|Any CPU
		{BC521EDD-6F17-42A8-B12D-2EFF9A835A72}.Debug|Any CPU.ActiveCfg = Debug|Any CPU
		{BC521EDD-6F17-42A8-B12D-2EFF9A835A72}.Debug|Any CPU.Build.0 = Debug|Any CPU
		{BC521EDD-6F17-42A8-B12D-2EFF9A835A72}.Release|Any CPU.ActiveCfg = Release|Any CPU
		{BC521EDD-6F17-42A8-B12D-2EFF9A835A72}.Release|Any CPU.Build.0 = Release|Any CPU
		{8781E54F-1B3B-4ACE-B7DB-07D8B3861373}.Debug|Any CPU.ActiveCfg = Debug|Any CPU
		{8781E54F-1B3B-4ACE-B7DB-07D8B3861373}.Debug|Any CPU.Build.0 = Debug|Any CPU
		{8781E54F-1B3B-4ACE-B7DB-07D8B3861373}.Release|Any CPU.ActiveCfg = Release|Any CPU
		{8781E54F-1B3B-4ACE-B7DB-07D8B3861373}.Release|Any CPU.Build.0 = Release|Any CPU
		{980524C6-C6B8-492F-AD36-061C0D151846}.Debug|Any CPU.ActiveCfg = Debug|Any CPU
		{980524C6-C6B8-492F-AD36-061C0D151846}.Debug|Any CPU.Build.0 = Debug|Any CPU
		{980524C6-C6B8-492F-AD36-061C0D151846}.Release|Any CPU.ActiveCfg = Release|Any CPU
		{980524C6-C6B8-492F-AD36-061C0D151846}.Release|Any CPU.Build.0 = Release|Any CPU
		{1D0A55A7-0ED3-4EDF-A954-5E5E0F37B92B}.Debug|Any CPU.ActiveCfg = Debug|Any CPU
		{1D0A55A7-0ED3-4EDF-A954-5E5E0F37B92B}.Debug|Any CPU.Build.0 = Debug|Any CPU
		{1D0A55A7-0ED3-4EDF-A954-5E5E0F37B92B}.Release|Any CPU.ActiveCfg = Release|Any CPU
		{1D0A55A7-0ED3-4EDF-A954-5E5E0F37B92B}.Release|Any CPU.Build.0 = Release|Any CPU
		{B2763B3F-1340-4CAC-B54F-5660940014D7}.Debug|Any CPU.ActiveCfg = Debug|Any CPU
		{B2763B3F-1340-4CAC-B54F-5660940014D7}.Debug|Any CPU.Build.0 = Debug|Any CPU
		{B2763B3F-1340-4CAC-B54F-5660940014D7}.Release|Any CPU.ActiveCfg = Release|Any CPU
		{B2763B3F-1340-4CAC-B54F-5660940014D7}.Release|Any CPU.Build.0 = Release|Any CPU
		{379C57FF-0759-4E03-814B-91BB8FD7FB9D}.Debug|Any CPU.ActiveCfg = Debug|Any CPU
		{379C57FF-0759-4E03-814B-91BB8FD7FB9D}.Debug|Any CPU.Build.0 = Debug|Any CPU
		{379C57FF-0759-4E03-814B-91BB8FD7FB9D}.Release|Any CPU.ActiveCfg = Release|Any CPU
		{379C57FF-0759-4E03-814B-91BB8FD7FB9D}.Release|Any CPU.Build.0 = Release|Any CPU
		{C9D38E8F-25CD-43C2-B963-BFD51608C013}.Debug|Any CPU.ActiveCfg = Debug|Any CPU
		{C9D38E8F-25CD-43C2-B963-BFD51608C013}.Debug|Any CPU.Build.0 = Debug|Any CPU
		{C9D38E8F-25CD-43C2-B963-BFD51608C013}.Release|Any CPU.ActiveCfg = Release|Any CPU
		{C9D38E8F-25CD-43C2-B963-BFD51608C013}.Release|Any CPU.Build.0 = Release|Any CPU
		{9ABAA561-5E70-4786-8D02-0B6F799FA384}.Debug|Any CPU.ActiveCfg = Debug|Any CPU
		{9ABAA561-5E70-4786-8D02-0B6F799FA384}.Debug|Any CPU.Build.0 = Debug|Any CPU
		{9ABAA561-5E70-4786-8D02-0B6F799FA384}.Release|Any CPU.ActiveCfg = Release|Any CPU
		{9ABAA561-5E70-4786-8D02-0B6F799FA384}.Release|Any CPU.Build.0 = Release|Any CPU
		{2958C857-7D9F-46D0-870B-067FF7919ED5}.Debug|Any CPU.ActiveCfg = Debug|Any CPU
		{2958C857-7D9F-46D0-870B-067FF7919ED5}.Debug|Any CPU.Build.0 = Debug|Any CPU
		{2958C857-7D9F-46D0-870B-067FF7919ED5}.Release|Any CPU.ActiveCfg = Release|Any CPU
		{2958C857-7D9F-46D0-870B-067FF7919ED5}.Release|Any CPU.Build.0 = Release|Any CPU
		{6C6DA660-8670-479C-B9FD-D4F071D404A7}.Debug|Any CPU.ActiveCfg = Debug|Any CPU
		{6C6DA660-8670-479C-B9FD-D4F071D404A7}.Debug|Any CPU.Build.0 = Debug|Any CPU
		{6C6DA660-8670-479C-B9FD-D4F071D404A7}.Release|Any CPU.ActiveCfg = Release|Any CPU
		{6C6DA660-8670-479C-B9FD-D4F071D404A7}.Release|Any CPU.Build.0 = Release|Any CPU
		{C73F9946-C68D-408F-B88B-3429833326A8}.Debug|Any CPU.ActiveCfg = Debug|Any CPU
		{C73F9946-C68D-408F-B88B-3429833326A8}.Debug|Any CPU.Build.0 = Debug|Any CPU
		{C73F9946-C68D-408F-B88B-3429833326A8}.Release|Any CPU.ActiveCfg = Release|Any CPU
		{C73F9946-C68D-408F-B88B-3429833326A8}.Release|Any CPU.Build.0 = Release|Any CPU
		{C1F95ADB-E1D5-43F9-B6AB-B27A88BE4515}.Debug|Any CPU.ActiveCfg = Debug|Any CPU
		{C1F95ADB-E1D5-43F9-B6AB-B27A88BE4515}.Debug|Any CPU.Build.0 = Debug|Any CPU
		{C1F95ADB-E1D5-43F9-B6AB-B27A88BE4515}.Release|Any CPU.ActiveCfg = Release|Any CPU
		{C1F95ADB-E1D5-43F9-B6AB-B27A88BE4515}.Release|Any CPU.Build.0 = Release|Any CPU
		{A6ACC687-AC49-4971-81BC-1F32D3E301A0}.Debug|Any CPU.ActiveCfg = Debug|Any CPU
		{A6ACC687-AC49-4971-81BC-1F32D3E301A0}.Debug|Any CPU.Build.0 = Debug|Any CPU
		{A6ACC687-AC49-4971-81BC-1F32D3E301A0}.Release|Any CPU.ActiveCfg = Release|Any CPU
		{A6ACC687-AC49-4971-81BC-1F32D3E301A0}.Release|Any CPU.Build.0 = Release|Any CPU
		{BA48A603-F3A5-4720-97C8-C75A2CD1D572}.Debug|Any CPU.ActiveCfg = Debug|Any CPU
		{BA48A603-F3A5-4720-97C8-C75A2CD1D572}.Debug|Any CPU.Build.0 = Debug|Any CPU
		{BA48A603-F3A5-4720-97C8-C75A2CD1D572}.Release|Any CPU.ActiveCfg = Release|Any CPU
		{BA48A603-F3A5-4720-97C8-C75A2CD1D572}.Release|Any CPU.Build.0 = Release|Any CPU
		{48A1FC20-8FC6-4167-B50E-972D1585FCC2}.Debug|Any CPU.ActiveCfg = Debug|Any CPU
		{48A1FC20-8FC6-4167-B50E-972D1585FCC2}.Debug|Any CPU.Build.0 = Debug|Any CPU
		{48A1FC20-8FC6-4167-B50E-972D1585FCC2}.Release|Any CPU.ActiveCfg = Release|Any CPU
		{48A1FC20-8FC6-4167-B50E-972D1585FCC2}.Release|Any CPU.Build.0 = Release|Any CPU
		{24253C58-9E27-4480-AC2F-90277526B2A4}.Debug|Any CPU.ActiveCfg = Debug|Any CPU
		{24253C58-9E27-4480-AC2F-90277526B2A4}.Debug|Any CPU.Build.0 = Debug|Any CPU
		{24253C58-9E27-4480-AC2F-90277526B2A4}.Release|Any CPU.ActiveCfg = Release|Any CPU
		{24253C58-9E27-4480-AC2F-90277526B2A4}.Release|Any CPU.Build.0 = Release|Any CPU
		{64BE9BD4-2C9B-4EA0-98D6-C5B71FECBEE1}.Debug|Any CPU.ActiveCfg = Debug|Any CPU
		{64BE9BD4-2C9B-4EA0-98D6-C5B71FECBEE1}.Debug|Any CPU.Build.0 = Debug|Any CPU
		{64BE9BD4-2C9B-4EA0-98D6-C5B71FECBEE1}.Release|Any CPU.ActiveCfg = Release|Any CPU
		{64BE9BD4-2C9B-4EA0-98D6-C5B71FECBEE1}.Release|Any CPU.Build.0 = Release|Any CPU
		{376C2D3B-E693-4138-9527-A6DCF52E7C79}.Debug|Any CPU.ActiveCfg = Debug|Any CPU
		{376C2D3B-E693-4138-9527-A6DCF52E7C79}.Debug|Any CPU.Build.0 = Debug|Any CPU
		{376C2D3B-E693-4138-9527-A6DCF52E7C79}.Release|Any CPU.ActiveCfg = Release|Any CPU
		{376C2D3B-E693-4138-9527-A6DCF52E7C79}.Release|Any CPU.Build.0 = Release|Any CPU
		{2B90AB16-3A17-45A2-B045-77D627FFEBBE}.Debug|Any CPU.ActiveCfg = Debug|Any CPU
		{2B90AB16-3A17-45A2-B045-77D627FFEBBE}.Debug|Any CPU.Build.0 = Debug|Any CPU
		{2B90AB16-3A17-45A2-B045-77D627FFEBBE}.Release|Any CPU.ActiveCfg = Release|Any CPU
		{2B90AB16-3A17-45A2-B045-77D627FFEBBE}.Release|Any CPU.Build.0 = Release|Any CPU
		{C61A5553-3AC4-405E-9E85-9EEDF664EA78}.Debug|Any CPU.ActiveCfg = Debug|Any CPU
		{C61A5553-3AC4-405E-9E85-9EEDF664EA78}.Debug|Any CPU.Build.0 = Debug|Any CPU
		{C61A5553-3AC4-405E-9E85-9EEDF664EA78}.Release|Any CPU.ActiveCfg = Release|Any CPU
		{C61A5553-3AC4-405E-9E85-9EEDF664EA78}.Release|Any CPU.Build.0 = Release|Any CPU
		{4033B233-2346-466E-8061-4BAA0D322A77}.Debug|Any CPU.ActiveCfg = Debug|Any CPU
		{4033B233-2346-466E-8061-4BAA0D322A77}.Debug|Any CPU.Build.0 = Debug|Any CPU
		{4033B233-2346-466E-8061-4BAA0D322A77}.Release|Any CPU.ActiveCfg = Release|Any CPU
		{4033B233-2346-466E-8061-4BAA0D322A77}.Release|Any CPU.Build.0 = Release|Any CPU
		{15A94D59-73C9-4A5A-B593-5D18D88DF372}.Debug|Any CPU.ActiveCfg = Debug|Any CPU
		{15A94D59-73C9-4A5A-B593-5D18D88DF372}.Debug|Any CPU.Build.0 = Debug|Any CPU
		{15A94D59-73C9-4A5A-B593-5D18D88DF372}.Release|Any CPU.ActiveCfg = Release|Any CPU
		{15A94D59-73C9-4A5A-B593-5D18D88DF372}.Release|Any CPU.Build.0 = Release|Any CPU
		{ECD1B017-B22C-435F-8776-784F38E7F3CA}.Debug|Any CPU.ActiveCfg = Debug|Any CPU
		{ECD1B017-B22C-435F-8776-784F38E7F3CA}.Debug|Any CPU.Build.0 = Debug|Any CPU
		{ECD1B017-B22C-435F-8776-784F38E7F3CA}.Release|Any CPU.ActiveCfg = Release|Any CPU
		{ECD1B017-B22C-435F-8776-784F38E7F3CA}.Release|Any CPU.Build.0 = Release|Any CPU
		{50A81FE7-66D5-4467-B00F-43EDB2F4C65D}.Debug|Any CPU.ActiveCfg = Debug|Any CPU
		{50A81FE7-66D5-4467-B00F-43EDB2F4C65D}.Debug|Any CPU.Build.0 = Debug|Any CPU
		{50A81FE7-66D5-4467-B00F-43EDB2F4C65D}.Release|Any CPU.ActiveCfg = Release|Any CPU
		{50A81FE7-66D5-4467-B00F-43EDB2F4C65D}.Release|Any CPU.Build.0 = Release|Any CPU
		{4E7BE96A-7E8E-43A9-B64A-C0C2435B83A8}.Debug|Any CPU.ActiveCfg = Debug|Any CPU
		{4E7BE96A-7E8E-43A9-B64A-C0C2435B83A8}.Debug|Any CPU.Build.0 = Debug|Any CPU
		{4E7BE96A-7E8E-43A9-B64A-C0C2435B83A8}.Release|Any CPU.ActiveCfg = Release|Any CPU
		{4E7BE96A-7E8E-43A9-B64A-C0C2435B83A8}.Release|Any CPU.Build.0 = Release|Any CPU
		{1021B197-BECF-431E-AD77-AD82A861AB43}.Debug|Any CPU.ActiveCfg = Debug|Any CPU
		{1021B197-BECF-431E-AD77-AD82A861AB43}.Debug|Any CPU.Build.0 = Debug|Any CPU
		{1021B197-BECF-431E-AD77-AD82A861AB43}.Release|Any CPU.ActiveCfg = Release|Any CPU
		{1021B197-BECF-431E-AD77-AD82A861AB43}.Release|Any CPU.Build.0 = Release|Any CPU
		{B33B93F8-B969-4686-BD5A-DED25182CB67}.Debug|Any CPU.ActiveCfg = Debug|Any CPU
		{B33B93F8-B969-4686-BD5A-DED25182CB67}.Debug|Any CPU.Build.0 = Debug|Any CPU
		{B33B93F8-B969-4686-BD5A-DED25182CB67}.Release|Any CPU.ActiveCfg = Release|Any CPU
		{B33B93F8-B969-4686-BD5A-DED25182CB67}.Release|Any CPU.Build.0 = Release|Any CPU
		{933C7FEA-26F3-40A6-9AC7-14245E0C3112}.Debug|Any CPU.ActiveCfg = Debug|Any CPU
		{933C7FEA-26F3-40A6-9AC7-14245E0C3112}.Debug|Any CPU.Build.0 = Debug|Any CPU
		{933C7FEA-26F3-40A6-9AC7-14245E0C3112}.Release|Any CPU.ActiveCfg = Release|Any CPU
		{933C7FEA-26F3-40A6-9AC7-14245E0C3112}.Release|Any CPU.Build.0 = Release|Any CPU
		{268BB388-89AA-46BF-8894-F0B6EDCDE989}.Debug|Any CPU.ActiveCfg = Debug|Any CPU
		{268BB388-89AA-46BF-8894-F0B6EDCDE989}.Debug|Any CPU.Build.0 = Debug|Any CPU
		{268BB388-89AA-46BF-8894-F0B6EDCDE989}.Release|Any CPU.ActiveCfg = Release|Any CPU
		{268BB388-89AA-46BF-8894-F0B6EDCDE989}.Release|Any CPU.Build.0 = Release|Any CPU
		{0DAD51F8-7E04-4E33-9382-17A5D60AA3C5}.Debug|Any CPU.ActiveCfg = Debug|Any CPU
		{0DAD51F8-7E04-4E33-9382-17A5D60AA3C5}.Debug|Any CPU.Build.0 = Debug|Any CPU
		{0DAD51F8-7E04-4E33-9382-17A5D60AA3C5}.Release|Any CPU.ActiveCfg = Release|Any CPU
		{0DAD51F8-7E04-4E33-9382-17A5D60AA3C5}.Release|Any CPU.Build.0 = Release|Any CPU
		{5E159C96-7763-4874-AC3A-4A84B2FFDC0B}.Debug|Any CPU.ActiveCfg = Debug|Any CPU
		{5E159C96-7763-4874-AC3A-4A84B2FFDC0B}.Debug|Any CPU.Build.0 = Debug|Any CPU
		{5E159C96-7763-4874-AC3A-4A84B2FFDC0B}.Release|Any CPU.ActiveCfg = Release|Any CPU
		{5E159C96-7763-4874-AC3A-4A84B2FFDC0B}.Release|Any CPU.Build.0 = Release|Any CPU
	EndGlobalSection
	GlobalSection(SolutionProperties) = preSolution
		HideSolutionNode = FALSE
	EndGlobalSection
	GlobalSection(NestedProjects) = preSolution
		{A6B8B1C9-9860-4BF7-B0FC-000A0AA76C76} = {9B237426-D333-4525-AAB4-3AC841587B27}
		{AF1C120F-5A61-4C50-ABDD-BD901071A7AE} = {9B237426-D333-4525-AAB4-3AC841587B27}
		{CB71FA4B-A492-40ED-A5CF-7F1AB0C53C14} = {9B237426-D333-4525-AAB4-3AC841587B27}
		{F0A5EB77-92DE-4679-B14F-61D139706F04} = {9B237426-D333-4525-AAB4-3AC841587B27}
		{AA252CE5-E529-454E-9E8A-C0CE47296984} = {F80797A5-390D-4EF1-BF6A-2B665B9D223F}
		{12EA2623-11EE-4C4E-B77C-576C9326B15D} = {F80797A5-390D-4EF1-BF6A-2B665B9D223F}
		{317A59E3-CE2E-413C-851F-66D6057E506F} = {F80797A5-390D-4EF1-BF6A-2B665B9D223F}
		{590922A8-8CD7-43A5-822B-AA8C5E2E0A79} = {F80797A5-390D-4EF1-BF6A-2B665B9D223F}
		{BC521EDD-6F17-42A8-B12D-2EFF9A835A72} = {F80797A5-390D-4EF1-BF6A-2B665B9D223F}
		{8781E54F-1B3B-4ACE-B7DB-07D8B3861373} = {F80797A5-390D-4EF1-BF6A-2B665B9D223F}
		{980524C6-C6B8-492F-AD36-061C0D151846} = {F80797A5-390D-4EF1-BF6A-2B665B9D223F}
		{1D0A55A7-0ED3-4EDF-A954-5E5E0F37B92B} = {F80797A5-390D-4EF1-BF6A-2B665B9D223F}
		{B2763B3F-1340-4CAC-B54F-5660940014D7} = {F80797A5-390D-4EF1-BF6A-2B665B9D223F}
		{379C57FF-0759-4E03-814B-91BB8FD7FB9D} = {F80797A5-390D-4EF1-BF6A-2B665B9D223F}
		{C9D38E8F-25CD-43C2-B963-BFD51608C013} = {F80797A5-390D-4EF1-BF6A-2B665B9D223F}
		{9ABAA561-5E70-4786-8D02-0B6F799FA384} = {F80797A5-390D-4EF1-BF6A-2B665B9D223F}
		{2958C857-7D9F-46D0-870B-067FF7919ED5} = {F80797A5-390D-4EF1-BF6A-2B665B9D223F}
		{6C6DA660-8670-479C-B9FD-D4F071D404A7} = {05088763-6C4F-4262-9238-67EAB1A9D8F7}
		{C73F9946-C68D-408F-B88B-3429833326A8} = {05088763-6C4F-4262-9238-67EAB1A9D8F7}
		{C1F95ADB-E1D5-43F9-B6AB-B27A88BE4515} = {05088763-6C4F-4262-9238-67EAB1A9D8F7}
		{A6ACC687-AC49-4971-81BC-1F32D3E301A0} = {05088763-6C4F-4262-9238-67EAB1A9D8F7}
		{BA48A603-F3A5-4720-97C8-C75A2CD1D572} = {05088763-6C4F-4262-9238-67EAB1A9D8F7}
		{48A1FC20-8FC6-4167-B50E-972D1585FCC2} = {05088763-6C4F-4262-9238-67EAB1A9D8F7}
		{24253C58-9E27-4480-AC2F-90277526B2A4} = {05088763-6C4F-4262-9238-67EAB1A9D8F7}
		{64BE9BD4-2C9B-4EA0-98D6-C5B71FECBEE1} = {05088763-6C4F-4262-9238-67EAB1A9D8F7}
		{376C2D3B-E693-4138-9527-A6DCF52E7C79} = {05088763-6C4F-4262-9238-67EAB1A9D8F7}
		{2B90AB16-3A17-45A2-B045-77D627FFEBBE} = {05088763-6C4F-4262-9238-67EAB1A9D8F7}
		{C61A5553-3AC4-405E-9E85-9EEDF664EA78} = {05088763-6C4F-4262-9238-67EAB1A9D8F7}
		{4033B233-2346-466E-8061-4BAA0D322A77} = {05088763-6C4F-4262-9238-67EAB1A9D8F7}
		{15A94D59-73C9-4A5A-B593-5D18D88DF372} = {7F9B85D7-43F7-420B-A8CE-FE078022A9BC}
		{ECD1B017-B22C-435F-8776-784F38E7F3CA} = {7F9B85D7-43F7-420B-A8CE-FE078022A9BC}
		{50A81FE7-66D5-4467-B00F-43EDB2F4C65D} = {7F9B85D7-43F7-420B-A8CE-FE078022A9BC}
		{4E7BE96A-7E8E-43A9-B64A-C0C2435B83A8} = {7F9B85D7-43F7-420B-A8CE-FE078022A9BC}
		{1021B197-BECF-431E-AD77-AD82A861AB43} = {7F9B85D7-43F7-420B-A8CE-FE078022A9BC}
		{B33B93F8-B969-4686-BD5A-DED25182CB67} = {7F9B85D7-43F7-420B-A8CE-FE078022A9BC}
		{933C7FEA-26F3-40A6-9AC7-14245E0C3112} = {7F9B85D7-43F7-420B-A8CE-FE078022A9BC}
		{268BB388-89AA-46BF-8894-F0B6EDCDE989} = {7F9B85D7-43F7-420B-A8CE-FE078022A9BC}
		{0DAD51F8-7E04-4E33-9382-17A5D60AA3C5} = {7F9B85D7-43F7-420B-A8CE-FE078022A9BC}
		{5E159C96-7763-4874-AC3A-4A84B2FFDC0B} = {7F9B85D7-43F7-420B-A8CE-FE078022A9BC}
	EndGlobalSection
	GlobalSection(ExtensibilityGlobals) = postSolution
		SolutionGuid = {B5148EA7-C249-4D01-9545-C2D4363A05B0}
	EndGlobalSection
EndGlobal
