
Microsoft Visual Studio Solution File, Format Version 12.00
# Visual Studio Version 16
VisualStudioVersion = 16.0.29806.167
MinimumVisualStudioVersion = 10.0.40219.1
Project("{2150E333-8FDC-42A3-9474-1A3956D46DE8}") = "01.Net应用程序和工具", "01.Net应用程序和工具", "{9B237426-D333-4525-AAB4-3AC841587B27}"
EndProject
Project("{9A19103F-16F7-4668-BE54-9A1E7A4F7556}") = "HelloWorld", "01_code\HelloWorld\HelloWorld.csproj", "{A6B8B1C9-9860-4BF7-B0FC-000A0AA76C76}"
EndProject
Project("{9A19103F-16F7-4668-BE54-9A1E7A4F7556}") = "SelfContainedHelloWorld", "01_code\SelfContainedHelloWorld\SelfContainedHelloWorld.csproj", "{AF1C120F-5A61-4C50-ABDD-BD901071A7AE}"
EndProject
Project("{9A19103F-16F7-4668-BE54-9A1E7A4F7556}") = "VSHelloWorld", "01_code\VSHelloWorld\VSHelloWorld\VSHelloWorld.csproj", "{CB71FA4B-A492-40ED-A5CF-7F1AB0C53C14}"
EndProject
Project("{9A19103F-16F7-4668-BE54-9A1E7A4F7556}") = "WebApp", "01_code\WebApp\WebApp.csproj", "{F0A5EB77-92DE-4679-B14F-61D139706F04}"
EndProject
Project("{2150E333-8FDC-42A3-9474-1A3956D46DE8}") = "02.核心CSharp", "02.核心CSharp", "{F80797A5-390D-4EF1-BF6A-2B665B9D223F}"
EndProject
Project("{9A19103F-16F7-4668-BE54-9A1E7A4F7556}") = "ArgumentsSample", "02_code\CoreCSharpSamples\ArgumentsSample\ArgumentsSample.csproj", "{AA252CE5-E529-454E-9E8A-C0CE47296984}"
EndProject
Project("{9A19103F-16F7-4668-BE54-9A1E7A4F7556}") = "ForLoop", "02_code\CoreCSharpSamples\ForLoop\ForLoop.csproj", "{12EA2623-11EE-4C4E-B77C-576C9326B15D}"
EndProject
Project("{9A19103F-16F7-4668-BE54-9A1E7A4F7556}") = "HelloWorldApp", "02_code\CoreCSharpSamples\HelloWorldApp\HelloWorldApp.csproj", "{317A59E3-CE2E-413C-851F-66D6057E506F}"
EndProject
Project("{9A19103F-16F7-4668-BE54-9A1E7A4F7556}") = "IfStatement", "02_code\CoreCSharpSamples\IfStatement\IfStatement.csproj", "{590922A8-8CD7-43A5-822B-AA8C5E2E0A79}"
EndProject
Project("{9A19103F-16F7-4668-BE54-9A1E7A4F7556}") = "MathClient", "02_code\CoreCSharpSamples\MathClient\MathClient.csproj", "{BC521EDD-6F17-42A8-B12D-2EFF9A835A72}"
EndProject
Project("{9A19103F-16F7-4668-BE54-9A1E7A4F7556}") = "MathLib", "02_code\CoreCSharpSamples\MathLib\MathLib.csproj", "{8781E54F-1B3B-4ACE-B7DB-07D8B3861373}"
EndProject
Project("{9A19103F-16F7-4668-BE54-9A1E7A4F7556}") = "NamespaceSample", "02_code\CoreCSharpSamples\NamespaceSample\NamespaceSample.csproj", "{980524C6-C6B8-492F-AD36-061C0D151846}"
EndProject
Project("{9A19103F-16F7-4668-BE54-9A1E7A4F7556}") = "StringSample", "02_code\CoreCSharpSamples\StringSample\StringSample.csproj", "{1D0A55A7-0ED3-4EDF-A954-5E5E0F37B92B}"
EndProject
Project("{9A19103F-16F7-4668-BE54-9A1E7A4F7556}") = "UsingNumbers", "02_code\CoreCSharpSamples\UsingNumbers\UsingNumbers.csproj", "{B2763B3F-1340-4CAC-B54F-5660940014D7}"
EndProject
Project("{9A19103F-16F7-4668-BE54-9A1E7A4F7556}") = "VariableScopeSample", "02_code\CoreCSharpSamples\VariableScopeSample\VariableScopeSample.csproj", "{379C57FF-0759-4E03-814B-91BB8FD7FB9D}"
EndProject
Project("{9A19103F-16F7-4668-BE54-9A1E7A4F7556}") = "VariableScopeSample2", "02_code\CoreCSharpSamples\VariableScopeSample2\VariableScopeSample2.csproj", "{C9D38E8F-25CD-43C2-B963-BFD51608C013}"
EndProject
Project("{9A19103F-16F7-4668-BE54-9A1E7A4F7556}") = "VariableScopeSample3", "02_code\CoreCSharpSamples\VariableScopeSample3\VariableScopeSample3.csproj", "{9ABAA561-5E70-4786-8D02-0B6F799FA384}"
EndProject
Project("{9A19103F-16F7-4668-BE54-9A1E7A4F7556}") = "VariablesSample", "02_code\CoreCSharpSamples\VariablesSample\VariablesSample.csproj", "{2958C857-7D9F-46D0-870B-067FF7919ED5}"
EndProject
Global
	GlobalSection(SolutionConfigurationPlatforms) = preSolution
		Debug|Any CPU = Debug|Any CPU
		Release|Any CPU = Release|Any CPU
	EndGlobalSection
	GlobalSection(ProjectConfigurationPlatforms) = postSolution
		{A6B8B1C9-9860-4BF7-B0FC-000A0AA76C76}.Debug|Any CPU.ActiveCfg = Debug|Any CPU
		{A6B8B1C9-9860-4BF7-B0FC-000A0AA76C76}.Debug|Any CPU.Build.0 = Debug|Any CPU
		{A6B8B1C9-9860-4BF7-B0FC-000A0AA76C76}.Release|Any CPU.ActiveCfg = Release|Any CPU
		{A6B8B1C9-9860-4BF7-B0FC-000A0AA76C76}.Release|Any CPU.Build.0 = Release|Any CPU
		{AF1C120F-5A61-4C50-ABDD-BD901071A7AE}.Debug|Any CPU.ActiveCfg = Debug|Any CPU
		{AF1C120F-5A61-4C50-ABDD-BD901071A7AE}.Debug|Any CPU.Build.0 = Debug|Any CPU
		{AF1C120F-5A61-4C50-ABDD-BD901071A7AE}.Release|Any CPU.ActiveCfg = Release|Any CPU
		{AF1C120F-5A61-4C50-ABDD-BD901071A7AE}.Release|Any CPU.Build.0 = Release|Any CPU
		{CB71FA4B-A492-40ED-A5CF-7F1AB0C53C14}.Debug|Any CPU.ActiveCfg = Debug|Any CPU
		{CB71FA4B-A492-40ED-A5CF-7F1AB0C53C14}.Debug|Any CPU.Build.0 = Debug|Any CPU
		{CB71FA4B-A492-40ED-A5CF-7F1AB0C53C14}.Release|Any CPU.ActiveCfg = Release|Any CPU
		{CB71FA4B-A492-40ED-A5CF-7F1AB0C53C14}.Release|Any CPU.Build.0 = Release|Any CPU
		{F0A5EB77-92DE-4679-B14F-61D139706F04}.Debug|Any CPU.ActiveCfg = Debug|Any CPU
		{F0A5EB77-92DE-4679-B14F-61D139706F04}.Debug|Any CPU.Build.0 = Debug|Any CPU
		{F0A5EB77-92DE-4679-B14F-61D139706F04}.Release|Any CPU.ActiveCfg = Release|Any CPU
		{F0A5EB77-92DE-4679-B14F-61D139706F04}.Release|Any CPU.Build.0 = Release|Any CPU
		{AA252CE5-E529-454E-9E8A-C0CE47296984}.Debug|Any CPU.ActiveCfg = Debug|Any CPU
		{AA252CE5-E529-454E-9E8A-C0CE47296984}.Debug|Any CPU.Build.0 = Debug|Any CPU
		{AA252CE5-E529-454E-9E8A-C0CE47296984}.Release|Any CPU.ActiveCfg = Release|Any CPU
		{AA252CE5-E529-454E-9E8A-C0CE47296984}.Release|Any CPU.Build.0 = Release|Any CPU
		{12EA2623-11EE-4C4E-B77C-576C9326B15D}.Debug|Any CPU.ActiveCfg = Debug|Any CPU
		{12EA2623-11EE-4C4E-B77C-576C9326B15D}.Debug|Any CPU.Build.0 = Debug|Any CPU
		{12EA2623-11EE-4C4E-B77C-576C9326B15D}.Release|Any CPU.ActiveCfg = Release|Any CPU
		{12EA2623-11EE-4C4E-B77C-576C9326B15D}.Release|Any CPU.Build.0 = Release|Any CPU
		{317A59E3-CE2E-413C-851F-66D6057E506F}.Debug|Any CPU.ActiveCfg = Debug|Any CPU
		{317A59E3-CE2E-413C-851F-66D6057E506F}.Debug|Any CPU.Build.0 = Debug|Any CPU
		{317A59E3-CE2E-413C-851F-66D6057E506F}.Release|Any CPU.ActiveCfg = Release|Any CPU
		{317A59E3-CE2E-413C-851F-66D6057E506F}.Release|Any CPU.Build.0 = Release|Any CPU
		{590922A8-8CD7-43A5-822B-AA8C5E2E0A79}.Debug|Any CPU.ActiveCfg = Debug|Any CPU
		{590922A8-8CD7-43A5-822B-AA8C5E2E0A79}.Debug|Any CPU.Build.0 = Debug|Any CPU
		{590922A8-8CD7-43A5-822B-AA8C5E2E0A79}.Release|Any CPU.ActiveCfg = Release|Any CPU
		{590922A8-8CD7-43A5-822B-AA8C5E2E0A79}.Release|Any CPU.Build.0 = Release|Any CPU
		{BC521EDD-6F17-42A8-B12D-2EFF9A835A72}.Debug|Any CPU.ActiveCfg = Debug|Any CPU
		{BC521EDD-6F17-42A8-B12D-2EFF9A835A72}.Debug|Any CPU.Build.0 = Debug|Any CPU
		{BC521EDD-6F17-42A8-B12D-2EFF9A835A72}.Release|Any CPU.ActiveCfg = Release|Any CPU
		{BC521EDD-6F17-42A8-B12D-2EFF9A835A72}.Release|Any CPU.Build.0 = Release|Any CPU
		{8781E54F-1B3B-4ACE-B7DB-07D8B3861373}.Debug|Any CPU.ActiveCfg = Debug|Any CPU
		{8781E54F-1B3B-4ACE-B7DB-07D8B3861373}.Debug|Any CPU.Build.0 = Debug|Any CPU
		{8781E54F-1B3B-4ACE-B7DB-07D8B3861373}.Release|Any CPU.ActiveCfg = Release|Any CPU
		{8781E54F-1B3B-4ACE-B7DB-07D8B3861373}.Release|Any CPU.Build.0 = Release|Any CPU
		{980524C6-C6B8-492F-AD36-061C0D151846}.Debug|Any CPU.ActiveCfg = Debug|Any CPU
		{980524C6-C6B8-492F-AD36-061C0D151846}.Debug|Any CPU.Build.0 = Debug|Any CPU
		{980524C6-C6B8-492F-AD36-061C0D151846}.Release|Any CPU.ActiveCfg = Release|Any CPU
		{980524C6-C6B8-492F-AD36-061C0D151846}.Release|Any CPU.Build.0 = Release|Any CPU
		{1D0A55A7-0ED3-4EDF-A954-5E5E0F37B92B}.Debug|Any CPU.ActiveCfg = Debug|Any CPU
		{1D0A55A7-0ED3-4EDF-A954-5E5E0F37B92B}.Debug|Any CPU.Build.0 = Debug|Any CPU
		{1D0A55A7-0ED3-4EDF-A954-5E5E0F37B92B}.Release|Any CPU.ActiveCfg = Release|Any CPU
		{1D0A55A7-0ED3-4EDF-A954-5E5E0F37B92B}.Release|Any CPU.Build.0 = Release|Any CPU
		{B2763B3F-1340-4CAC-B54F-5660940014D7}.Debug|Any CPU.ActiveCfg = Debug|Any CPU
		{B2763B3F-1340-4CAC-B54F-5660940014D7}.Debug|Any CPU.Build.0 = Debug|Any CPU
		{B2763B3F-1340-4CAC-B54F-5660940014D7}.Release|Any CPU.ActiveCfg = Release|Any CPU
		{B2763B3F-1340-4CAC-B54F-5660940014D7}.Release|Any CPU.Build.0 = Release|Any CPU
		{379C57FF-0759-4E03-814B-91BB8FD7FB9D}.Debug|Any CPU.ActiveCfg = Debug|Any CPU
		{379C57FF-0759-4E03-814B-91BB8FD7FB9D}.Debug|Any CPU.Build.0 = Debug|Any CPU
		{379C57FF-0759-4E03-814B-91BB8FD7FB9D}.Release|Any CPU.ActiveCfg = Release|Any CPU
		{379C57FF-0759-4E03-814B-91BB8FD7FB9D}.Release|Any CPU.Build.0 = Release|Any CPU
		{C9D38E8F-25CD-43C2-B963-BFD51608C013}.Debug|Any CPU.ActiveCfg = Debug|Any CPU
		{C9D38E8F-25CD-43C2-B963-BFD51608C013}.Debug|Any CPU.Build.0 = Debug|Any CPU
		{C9D38E8F-25CD-43C2-B963-BFD51608C013}.Release|Any CPU.ActiveCfg = Release|Any CPU
		{C9D38E8F-25CD-43C2-B963-BFD51608C013}.Release|Any CPU.Build.0 = Release|Any CPU
		{9ABAA561-5E70-4786-8D02-0B6F799FA384}.Debug|Any CPU.ActiveCfg = Debug|Any CPU
		{9ABAA561-5E70-4786-8D02-0B6F799FA384}.Debug|Any CPU.Build.0 = Debug|Any CPU
		{9ABAA561-5E70-4786-8D02-0B6F799FA384}.Release|Any CPU.ActiveCfg = Release|Any CPU
		{9ABAA561-5E70-4786-8D02-0B6F799FA384}.Release|Any CPU.Build.0 = Release|Any CPU
		{2958C857-7D9F-46D0-870B-067FF7919ED5}.Debug|Any CPU.ActiveCfg = Debug|Any CPU
		{2958C857-7D9F-46D0-870B-067FF7919ED5}.Debug|Any CPU.Build.0 = Debug|Any CPU
		{2958C857-7D9F-46D0-870B-067FF7919ED5}.Release|Any CPU.ActiveCfg = Release|Any CPU
		{2958C857-7D9F-46D0-870B-067FF7919ED5}.Release|Any CPU.Build.0 = Release|Any CPU
	EndGlobalSection
	GlobalSection(SolutionProperties) = preSolution
		HideSolutionNode = FALSE
	EndGlobalSection
	GlobalSection(NestedProjects) = preSolution
		{A6B8B1C9-9860-4BF7-B0FC-000A0AA76C76} = {9B237426-D333-4525-AAB4-3AC841587B27}
		{AF1C120F-5A61-4C50-ABDD-BD901071A7AE} = {9B237426-D333-4525-AAB4-3AC841587B27}
		{CB71FA4B-A492-40ED-A5CF-7F1AB0C53C14} = {9B237426-D333-4525-AAB4-3AC841587B27}
		{F0A5EB77-92DE-4679-B14F-61D139706F04} = {9B237426-D333-4525-AAB4-3AC841587B27}
		{AA252CE5-E529-454E-9E8A-C0CE47296984} = {F80797A5-390D-4EF1-BF6A-2B665B9D223F}
		{12EA2623-11EE-4C4E-B77C-576C9326B15D} = {F80797A5-390D-4EF1-BF6A-2B665B9D223F}
		{317A59E3-CE2E-413C-851F-66D6057E506F} = {F80797A5-390D-4EF1-BF6A-2B665B9D223F}
		{590922A8-8CD7-43A5-822B-AA8C5E2E0A79} = {F80797A5-390D-4EF1-BF6A-2B665B9D223F}
		{BC521EDD-6F17-42A8-B12D-2EFF9A835A72} = {F80797A5-390D-4EF1-BF6A-2B665B9D223F}
		{8781E54F-1B3B-4ACE-B7DB-07D8B3861373} = {F80797A5-390D-4EF1-BF6A-2B665B9D223F}
		{980524C6-C6B8-492F-AD36-061C0D151846} = {F80797A5-390D-4EF1-BF6A-2B665B9D223F}
		{1D0A55A7-0ED3-4EDF-A954-5E5E0F37B92B} = {F80797A5-390D-4EF1-BF6A-2B665B9D223F}
		{B2763B3F-1340-4CAC-B54F-5660940014D7} = {F80797A5-390D-4EF1-BF6A-2B665B9D223F}
		{379C57FF-0759-4E03-814B-91BB8FD7FB9D} = {F80797A5-390D-4EF1-BF6A-2B665B9D223F}
		{C9D38E8F-25CD-43C2-B963-BFD51608C013} = {F80797A5-390D-4EF1-BF6A-2B665B9D223F}
		{9ABAA561-5E70-4786-8D02-0B6F799FA384} = {F80797A5-390D-4EF1-BF6A-2B665B9D223F}
		{2958C857-7D9F-46D0-870B-067FF7919ED5} = {F80797A5-390D-4EF1-BF6A-2B665B9D223F}
	EndGlobalSection
	GlobalSection(ExtensibilityGlobals) = postSolution
		SolutionGuid = {B5148EA7-C249-4D01-9545-C2D4363A05B0}
	EndGlobalSection
EndGlobal
