
Microsoft Visual Studio Solution File, Format Version 12.00
# Visual Studio Version 16
VisualStudioVersion = 16.0.29806.167
MinimumVisualStudioVersion = 10.0.40219.1
Project("{2150E333-8FDC-42A3-9474-1A3956D46DE8}") = "01.Net应用程序和工具", "01.Net应用程序和工具", "{9B237426-D333-4525-AAB4-3AC841587B27}"
EndProject
Project("{9A19103F-16F7-4668-BE54-9A1E7A4F7556}") = "HelloWorld", "01_code\HelloWorld\HelloWorld.csproj", "{A6B8B1C9-9860-4BF7-B0FC-000A0AA76C76}"
EndProject
Project("{9A19103F-16F7-4668-BE54-9A1E7A4F7556}") = "SelfContainedHelloWorld", "01_code\SelfContainedHelloWorld\SelfContainedHelloWorld.csproj", "{AF1C120F-5A61-4C50-ABDD-BD901071A7AE}"
EndProject
Project("{9A19103F-16F7-4668-BE54-9A1E7A4F7556}") = "VSHelloWorld", "01_code\VSHelloWorld\VSHelloWorld\VSHelloWorld.csproj", "{CB71FA4B-A492-40ED-A5CF-7F1AB0C53C14}"
EndProject
Project("{9A19103F-16F7-4668-BE54-9A1E7A4F7556}") = "WebApp", "01_code\WebApp\WebApp.csproj", "{F0A5EB77-92DE-4679-B14F-61D139706F04}"
EndProject
Project("{2150E333-8FDC-42A3-9474-1A3956D46DE8}") = "02.核心CSharp", "02.核心CSharp", "{F80797A5-390D-4EF1-BF6A-2B665B9D223F}"
EndProject
Project("{9A19103F-16F7-4668-BE54-9A1E7A4F7556}") = "ArgumentsSample", "02_code\CoreCSharpSamples\ArgumentsSample\ArgumentsSample.csproj", "{AA252CE5-E529-454E-9E8A-C0CE47296984}"
EndProject
Project("{9A19103F-16F7-4668-BE54-9A1E7A4F7556}") = "ForLoop", "02_code\CoreCSharpSamples\ForLoop\ForLoop.csproj", "{12EA2623-11EE-4C4E-B77C-576C9326B15D}"
EndProject
Project("{9A19103F-16F7-4668-BE54-9A1E7A4F7556}") = "HelloWorldApp", "02_code\CoreCSharpSamples\HelloWorldApp\HelloWorldApp.csproj", "{317A59E3-CE2E-413C-851F-66D6057E506F}"
EndProject
Project("{9A19103F-16F7-4668-BE54-9A1E7A4F7556}") = "IfStatement", "02_code\CoreCSharpSamples\IfStatement\IfStatement.csproj", "{590922A8-8CD7-43A5-822B-AA8C5E2E0A79}"
EndProject
Project("{9A19103F-16F7-4668-BE54-9A1E7A4F7556}") = "MathClient", "02_code\CoreCSharpSamples\MathClient\MathClient.csproj", "{BC521EDD-6F17-42A8-B12D-2EFF9A835A72}"
EndProject
Project("{9A19103F-16F7-4668-BE54-9A1E7A4F7556}") = "MathLib", "02_code\CoreCSharpSamples\MathLib\MathLib.csproj", "{8781E54F-1B3B-4ACE-B7DB-07D8B3861373}"
EndProject
Project("{9A19103F-16F7-4668-BE54-9A1E7A4F7556}") = "NamespaceSample", "02_code\CoreCSharpSamples\NamespaceSample\NamespaceSample.csproj", "{980524C6-C6B8-492F-AD36-061C0D151846}"
EndProject
Project("{9A19103F-16F7-4668-BE54-9A1E7A4F7556}") = "StringSample", "02_code\CoreCSharpSamples\StringSample\StringSample.csproj", "{1D0A55A7-0ED3-4EDF-A954-5E5E0F37B92B}"
EndProject
Project("{9A19103F-16F7-4668-BE54-9A1E7A4F7556}") = "UsingNumbers", "02_code\CoreCSharpSamples\UsingNumbers\UsingNumbers.csproj", "{B2763B3F-1340-4CAC-B54F-5660940014D7}"
EndProject
Project("{9A19103F-16F7-4668-BE54-9A1E7A4F7556}") = "VariableScopeSample", "02_code\CoreCSharpSamples\VariableScopeSample\VariableScopeSample.csproj", "{379C57FF-0759-4E03-814B-91BB8FD7FB9D}"
EndProject
Project("{9A19103F-16F7-4668-BE54-9A1E7A4F7556}") = "VariableScopeSample2", "02_code\CoreCSharpSamples\VariableScopeSample2\VariableScopeSample2.csproj", "{C9D38E8F-25CD-43C2-B963-BFD51608C013}"
EndProject
Project("{9A19103F-16F7-4668-BE54-9A1E7A4F7556}") = "VariableScopeSample3", "02_code\CoreCSharpSamples\VariableScopeSample3\VariableScopeSample3.csproj", "{9ABAA561-5E70-4786-8D02-0B6F799FA384}"
EndProject
Project("{9A19103F-16F7-4668-BE54-9A1E7A4F7556}") = "VariablesSample", "02_code\CoreCSharpSamples\VariablesSample\VariablesSample.csproj", "{2958C857-7D9F-46D0-870B-067FF7919ED5}"
EndProject
Project("{2150E333-8FDC-42A3-9474-1A3956D46DE8}") = "03.对象与类型", "03.对象与类型", "{05088763-6C4F-4262-9238-67EAB1A9D8F7}"
EndProject
Project("{9A19103F-16F7-4668-BE54-9A1E7A4F7556}") = "ClassesSample", "03_ObjectsAndTypes\ObjectsAndTypes\ClassesSample\ClassesSample.csproj", "{6C6DA660-8670-479C-B9FD-D4F071D404A7}"
EndProject
Project("{9A19103F-16F7-4668-BE54-9A1E7A4F7556}") = "EnumSample", "03_ObjectsAndTypes\ObjectsAndTypes\EnumSample\EnumSample.csproj", "{C73F9946-C68D-408F-B88B-3429833326A8}"
EndProject
Project("{9A19103F-16F7-4668-BE54-9A1E7A4F7556}") = "ExtensionMethods", "03_ObjectsAndTypes\ObjectsAndTypes\ExtensionMethods\ExtensionMethods.csproj", "{C1F95ADB-E1D5-43F9-B6AB-B27A88BE4515}"
EndProject
Project("{9A19103F-16F7-4668-BE54-9A1E7A4F7556}") = "InParameterSample", "03_ObjectsAndTypes\ObjectsAndTypes\InParameterSample\InParameterSample.csproj", "{A6ACC687-AC49-4971-81BC-1F32D3E301A0}"
EndProject
Project("{9A19103F-16F7-4668-BE54-9A1E7A4F7556}") = "MathSample", "03_ObjectsAndTypes\ObjectsAndTypes\MathSample\MathSample.csproj", "{BA48A603-F3A5-4720-97C8-C75A2CD1D572}"
EndProject
Project("{9A19103F-16F7-4668-BE54-9A1E7A4F7556}") = "MethodSample", "03_ObjectsAndTypes\ObjectsAndTypes\MethodSample\MethodSample.csproj", "{48A1FC20-8FC6-4167-B50E-972D1585FCC2}"
EndProject
Project("{9A19103F-16F7-4668-BE54-9A1E7A4F7556}") = "OutKeywordSample", "03_ObjectsAndTypes\ObjectsAndTypes\OutKeywordSample\OutKeywordSample.csproj", "{24253C58-9E27-4480-AC2F-90277526B2A4}"
EndProject
Project("{9A19103F-16F7-4668-BE54-9A1E7A4F7556}") = "PassingByValueAndReference", "03_ObjectsAndTypes\ObjectsAndTypes\PassingByValueAndReference\PassingByValueAndReference.csproj", "{64BE9BD4-2C9B-4EA0-98D6-C5B71FECBEE1}"
EndProject
Project("{9A19103F-16F7-4668-BE54-9A1E7A4F7556}") = "ReadonlyStructSample", "03_ObjectsAndTypes\ObjectsAndTypes\ReadonlyStructSample\ReadonlyStructSample.csproj", "{376C2D3B-E693-4138-9527-A6DCF52E7C79}"
EndProject
Project("{9A19103F-16F7-4668-BE54-9A1E7A4F7556}") = "RefStructSample", "03_ObjectsAndTypes\ObjectsAndTypes\RefStructSample\RefStructSample.csproj", "{2B90AB16-3A17-45A2-B045-77D627FFEBBE}"
EndProject
Project("{9A19103F-16F7-4668-BE54-9A1E7A4F7556}") = "StaticConstructorSample", "03_ObjectsAndTypes\ObjectsAndTypes\StaticConstructorSample\StaticConstructorSample.csproj", "{C61A5553-3AC4-405E-9E85-9EEDF664EA78}"
EndProject
Project("{9A19103F-16F7-4668-BE54-9A1E7A4F7556}") = "StructsSample", "03_ObjectsAndTypes\ObjectsAndTypes\StructsSample\StructsSample.csproj", "{4033B233-2346-466E-8061-4BAA0D322A77}"
EndProject
Project("{2150E333-8FDC-42A3-9474-1A3956D46DE8}") = "04.继承", "04.继承", "{7F9B85D7-43F7-420B-A8CE-FE078022A9BC}"
EndProject
Project("{9A19103F-16F7-4668-BE54-9A1E7A4F7556}") = "InheritanceWithConstructors", "04_OOSamples\InheritanceWithConstructors\InheritanceWithConstructors.csproj", "{15A94D59-73C9-4A5A-B593-5D18D88DF372}"
EndProject
Project("{9A19103F-16F7-4668-BE54-9A1E7A4F7556}") = "UsingInterfaces", "04_OOSamples\UsingInterfaces\UsingInterfaces.csproj", "{ECD1B017-B22C-435F-8776-784F38E7F3CA}"
EndProject
Project("{9A19103F-16F7-4668-BE54-9A1E7A4F7556}") = "VirtualMethods", "04_OOSamples\VirtualMethods\VirtualMethods.csproj", "{50A81FE7-66D5-4467-B00F-43EDB2F4C65D}"
EndProject
Project("{9A19103F-16F7-4668-BE54-9A1E7A4F7556}") = "ReferencesPolymorphic", "04_OOSamples\ReferencesPolymorphic\ReferencesPolymorphic.csproj", "{4E7BE96A-7E8E-43A9-B64A-C0C2435B83A8}"
EndProject
Project("{9A19103F-16F7-4668-BE54-9A1E7A4F7556}") = "CastingReferenceConversions", "04_OOSamples\CastingReferenceConversions\CastingReferenceConversions.csproj", "{1021B197-BECF-431E-AD77-AD82A861AB43}"
EndProject
Project("{9A19103F-16F7-4668-BE54-9A1E7A4F7556}") = "VirtualFunctionMembers", "04_OOSamples\VirtualFunctionMembers\VirtualFunctionMembers.csproj", "{B33B93F8-B969-4686-BD5A-DED25182CB67}"
EndProject
Project("{9A19103F-16F7-4668-BE54-9A1E7A4F7556}") = "AbstractClassesAbstractMembers", "04_OOSamples\AbstractClassesAbstractMembers\AbstractClassesAbstractMembers.csproj", "{933C7FEA-26F3-40A6-9AC7-14245E0C3112}"
EndProject
Project("{9A19103F-16F7-4668-BE54-9A1E7A4F7556}") = "NewVsVirtual", "04_OOSamples\NewVsVirtual\NewVsVirtual.csproj", "{268BB388-89AA-46BF-8894-F0B6EDCDE989}"
EndProject
Project("{9A19103F-16F7-4668-BE54-9A1E7A4F7556}") = "InheritanceBaseSample", "04_OOSamples\InheritanceBaseSample\InheritanceBaseSample.csproj", "{0DAD51F8-7E04-4E33-9382-17A5D60AA3C5}"
EndProject
Project("{9A19103F-16F7-4668-BE54-9A1E7A4F7556}") = "InheritFromObject", "04_OOSamples\InheritFromObject\InheritFromObject.csproj", "{5E159C96-7763-4874-AC3A-4A84B2FFDC0B}"
EndProject
Project("{9A19103F-16F7-4668-BE54-9A1E7A4F7556}") = "UsingInterfaceExamplePrintInfo", "04_OOSamples\UsingInterfaceExamplePrintInfo\UsingInterfaceExamplePrintInfo.csproj", "{D5FFFA27-94CA-418E-B49B-A2F21B39C8DC}"
EndProject
Project("{9A19103F-16F7-4668-BE54-9A1E7A4F7556}") = "SortingSample", "04_OOSamples\SortingSample\SortingSample.csproj", "{A9FF39CE-6079-43F3-84F4-61871F26AE75}"
EndProject
Project("{2150E333-8FDC-42A3-9474-1A3956D46DE8}") = "05.泛型", "05.泛型", "{153C9E87-65E8-4312-87FA-AEFA409EF18D}"
EndProject
Project("{9A19103F-16F7-4668-BE54-9A1E7A4F7556}") = "DocumentManager", "05_GenericsSamples\DocumentManager\DocumentManager.csproj", "{C8E8FEF1-627E-4155-9092-E9F910A3B83F}"
EndProject
Project("{9A19103F-16F7-4668-BE54-9A1E7A4F7556}") = "GenericMethods", "05_GenericsSamples\GenericMethods\GenericMethods.csproj", "{55A91FAF-B48D-4EE2-AE11-9E1966B8F030}"
EndProject
Project("{9A19103F-16F7-4668-BE54-9A1E7A4F7556}") = "LinkedListObjects", "05_GenericsSamples\LinkedListObjects\LinkedListObjects.csproj", "{51D7C8AA-6C41-4A8C-ADFE-568B762166D3}"
EndProject
Project("{9A19103F-16F7-4668-BE54-9A1E7A4F7556}") = "LinkedListSample", "05_GenericsSamples\LinkedListSample\LinkedListSample.csproj", "{3C84F4B3-DB31-4162-9CBE-A49DB9A0E3F0}"
EndProject
Project("{9A19103F-16F7-4668-BE54-9A1E7A4F7556}") = "Specialization", "05_GenericsSamples\Specialization\Specialization.csproj", "{E0EC3E5C-577C-450B-96FC-E9AD2D3CA7C1}"
EndProject
Project("{9A19103F-16F7-4668-BE54-9A1E7A4F7556}") = "Variance", "05_GenericsSamples\Variance\Variance.csproj", "{85EB439B-F4E3-40C2-B018-F17B45AB6AFC}"
EndProject
Project("{9A19103F-16F7-4668-BE54-9A1E7A4F7556}") = "GeneratingNamesWithArray", "05_GenericsSamples\UsingArrays\GeneratingNamesWithArray.csproj", "{8605ED7C-A307-44A0-BD54-FA2BA09FB562}"
EndProject
Project("{9A19103F-16F7-4668-BE54-9A1E7A4F7556}") = "GeneratingNamesWithArrayList", "05_GenericsSamples\UsingArrayListGenerateNames\GeneratingNamesWithArrayList.csproj", "{E9B0C65E-2292-4292-856F-B1D9A3F6855C}"
EndProject
Project("{9A19103F-16F7-4668-BE54-9A1E7A4F7556}") = "GeneratingNamesWithStringCollection", "05_GenericsSamples\UsingStringCollectionAddNames\GeneratingNamesWithStringCollection.csproj", "{BB9B0F53-9207-404B-B812-2A6A2C86A2D5}"
EndProject
Project("{9A19103F-16F7-4668-BE54-9A1E7A4F7556}") = "GeneratingNamesWithListT", "05_GenericsSamples\GeneratingNamesWithListT\GeneratingNamesWithListT.csproj", "{A502FD11-9424-4861-B7DB-B1C1710A78BF}"
EndProject
Project("{9A19103F-16F7-4668-BE54-9A1E7A4F7556}") = "CopyingElements", "05_GenericsSamples\CopyingElements\CopyingElements.csproj", "{0D0F5522-356E-492E-A79B-DD890D8B7B9D}"
EndProject
Project("{9A19103F-16F7-4668-BE54-9A1E7A4F7556}") = "TypeConstraints", "05_GenericsSamples\TypeConstraints\TypeConstraints.csproj", "{7DCF1BC0-D81C-4923-B78A-78C9AE1F8C0F}"
EndProject
Project("{9A19103F-16F7-4668-BE54-9A1E7A4F7556}") = "DocumentManagerGenerics", "05_GenericsSamples\DocumentManagerGeneerics\DocumentManagerGenerics.csproj", "{43B8B247-DA4F-4B3C-AD87-E15CBA054554}"
EndProject
Project("{2150E333-8FDC-42A3-9474-1A3956D46DE8}") = "06运算符和强类型转换", "06运算符和强类型转换", "{FAD6C273-CDC2-4649-9608-CA0BD0B681E6}"
EndProject
Project("{9A19103F-16F7-4668-BE54-9A1E7A4F7556}") = "BinaryCalculations", "06_OperatorsAndCasts\BinaryCalculations\BinaryCalculations.csproj", "{9B7CE1F3-4556-40C9-807C-F9D4CEB5E83A}"
EndProject
Project("{9A19103F-16F7-4668-BE54-9A1E7A4F7556}") = "CastingSample", "06_OperatorsAndCasts\CastingSample\CastingSample.csproj", "{ECA52A1D-C47A-4DC2-A88E-D61454E5F334}"
EndProject
Project("{9A19103F-16F7-4668-BE54-9A1E7A4F7556}") = "CustomIndexerSample", "06_OperatorsAndCasts\CustomIndexerSample\CustomIndexerSample.csproj", "{2E4E2010-7031-46F0-87FC-8CDA1AC9D0CA}"
EndProject
Project("{9A19103F-16F7-4668-BE54-9A1E7A4F7556}") = "NullableTypesSample", "06_OperatorsAndCasts\NullableTypesSample\NullableTypesSample.csproj", "{85B5DE8F-23A3-4406-8DD9-2D5CCCE85CD9}"
EndProject
Project("{9A19103F-16F7-4668-BE54-9A1E7A4F7556}") = "OperatorOverloadingSample", "06_OperatorsAndCasts\OperatorOverloadingSample\OperatorOverloadingSample.csproj", "{E4FBF328-CB7B-4BF2-84CE-A561DE7E4007}"
EndProject
Project("{9A19103F-16F7-4668-BE54-9A1E7A4F7556}") = "OperatorOverloadingSample2", "06_OperatorsAndCasts\OperatorOverloadingSample2\OperatorOverloadingSample2.csproj", "{F2E5CB94-E3C2-46E7-BDAB-9CA0BD262B40}"
EndProject
Project("{9A19103F-16F7-4668-BE54-9A1E7A4F7556}") = "OperatorsSample", "06_OperatorsAndCasts\OperatorsSample\OperatorsSample.csproj", "{5934069E-0C68-46FA-85FC-69780894F97B}"
EndProject
Project("{9A19103F-16F7-4668-BE54-9A1E7A4F7556}") = "OverloadingComparisonSample", "06_OperatorsAndCasts\OverloadingComparisonSample\OverloadingComparisonSample.csproj", "{F9DDC81F-9E56-4331-B98A-7368158718DC}"
EndProject
Project("{2150E333-8FDC-42A3-9474-1A3956D46DE8}") = "07数组结构运算符重载", "07数组结构运算符重载", "{D8513B38-3C84-4C38-945F-3372E0FE5E43}"
EndProject
Project("{9A19103F-16F7-4668-BE54-9A1E7A4F7556}") = "ArrayPoolSample", "07_ArraysSamples\ArrayPoolSample\ArrayPoolSample.csproj", "{094E1623-9DBF-42BB-9E30-CB111CF3A9C5}"
EndProject
Project("{9A19103F-16F7-4668-BE54-9A1E7A4F7556}") = "SimpleArrays", "07_ArraysSamples\SimpleArrays\SimpleArrays.csproj", "{5DFC1FDB-EAE9-41C8-B380-FCF1F5A45900}"
EndProject
Project("{9A19103F-16F7-4668-BE54-9A1E7A4F7556}") = "SortingSample", "07_ArraysSamples\SortingSample\SortingSample.csproj", "{7D905875-C370-4CED-B2EA-3EB607419BB7}"
EndProject
Project("{9A19103F-16F7-4668-BE54-9A1E7A4F7556}") = "SpanSample", "07_ArraysSamples\SpanSample\SpanSample.csproj", "{98BC32C5-9A8C-417A-BF0F-FEB2B5512B84}"
EndProject
Project("{9A19103F-16F7-4668-BE54-9A1E7A4F7556}") = "StructuralComparison", "07_ArraysSamples\StructuralComparison\StructuralComparison.csproj", "{FE20ACBD-E6BB-494C-8AAE-82B353725CE5}"
EndProject
Project("{9A19103F-16F7-4668-BE54-9A1E7A4F7556}") = "YieldSample", "07_ArraysSamples\YieldSample\YieldSample.csproj", "{9A84E3B7-BEDC-4B96-BEA9-A48153EF6F7E}"
EndProject
Project("{2150E333-8FDC-42A3-9474-1A3956D46DE8}") = "08委托Lambda表达式事件", "08委托Lambda表达式事件", "{60834EA9-D0CC-4854-B75A-7FAECEC1A791}"
	ProjectSection(SolutionItems) = preProject
		项目说明.md = 项目说明.md
	EndProjectSection
EndProject
Project("{9A19103F-16F7-4668-BE54-9A1E7A4F7556}") = "AnonymousMethods", "08_DelegatesAndEventsSamples\AnonymousMethods\AnonymousMethods.csproj", "{7F387388-F576-4611-A757-8EBC7F452731}"
EndProject
Project("{9A19103F-16F7-4668-BE54-9A1E7A4F7556}") = "BubbleSorter", "08_DelegatesAndEventsSamples\BubbleSorter\BubbleSorter.csproj", "{1C688897-6408-4144-BDE2-FECA1C301654}"
EndProject
Project("{9A19103F-16F7-4668-BE54-9A1E7A4F7556}") = "EventsSample", "08_DelegatesAndEventsSamples\EventsSample\EventsSample.csproj", "{89AA7AA0-03E6-4BF5-976D-4DDAA0201666}"
EndProject
Project("{9A19103F-16F7-4668-BE54-9A1E7A4F7556}") = "GetAStringDemo", "08_DelegatesAndEventsSamples\GetAStringDemo\GetAStringDemo.csproj", "{D36FBFBE-6234-4D54-BE2E-6DC2021B5C2B}"
EndProject
Project("{9A19103F-16F7-4668-BE54-9A1E7A4F7556}") = "LambdaExpressions", "08_DelegatesAndEventsSamples\LambdaExpressions\LambdaExpressions.csproj", "{46402019-BE28-480F-A586-F8DB12C47BAA}"
EndProject
Project("{9A19103F-16F7-4668-BE54-9A1E7A4F7556}") = "MulticastDelegates", "08_DelegatesAndEventsSamples\MulticastDelegates\MulticastDelegates.csproj", "{3BF0727E-2F8B-43D0-A4E7-7AA02E227FD9}"
EndProject
Project("{9A19103F-16F7-4668-BE54-9A1E7A4F7556}") = "MulticastDelegatesUsingInvocationList", "08_DelegatesAndEventsSamples\MulticastDelegatesUsingInvocationList\MulticastDelegatesUsingInvocationList.csproj", "{D50FC877-97FD-444F-918C-F9D321BBBC5C}"
EndProject
Project("{9A19103F-16F7-4668-BE54-9A1E7A4F7556}") = "SimpleDelegates", "08_DelegatesAndEventsSamples\SimpleDelegates\SimpleDelegates.csproj", "{E16AC0EA-23C2-4AD5-BA5E-02E1B8222178}"
EndProject
Project("{9A19103F-16F7-4668-BE54-9A1E7A4F7556}") = "ActionAndFunc", "08_DelegatesAndEventsSamples\ActionAndFunc\ActionAndFunc.csproj", "{111DC422-F0A7-4598-B48D-7C1EB58BD820}"
EndProject
Project("{9A19103F-16F7-4668-BE54-9A1E7A4F7556}") = "EventOderDishesFullEditon", "08_DelegatesAndEventsSamples\EventOderDishesFullEditon\EventOderDishesFullEditon.csproj", "{E7618DB1-16CE-40D3-8A10-2A379C83B5C5}"
EndProject
Project("{FAE04EC0-301F-11D3-BF4B-00C04F79EFBC}") = "EventThresholdReached", "08_DelegatesAndEventsSamples\EventThresholdReached\EventThresholdReached.csproj", "{CDD3719E-9EC6-4EA5-8419-EDAC317F178D}"
EndProject
Global
	GlobalSection(SolutionConfigurationPlatforms) = preSolution
		Debug|Any CPU = Debug|Any CPU
		Release|Any CPU = Release|Any CPU
	EndGlobalSection
	GlobalSection(ProjectConfigurationPlatforms) = postSolution
		{A6B8B1C9-9860-4BF7-B0FC-000A0AA76C76}.Debug|Any CPU.ActiveCfg = Debug|Any CPU
		{A6B8B1C9-9860-4BF7-B0FC-000A0AA76C76}.Debug|Any CPU.Build.0 = Debug|Any CPU
		{A6B8B1C9-9860-4BF7-B0FC-000A0AA76C76}.Release|Any CPU.ActiveCfg = Release|Any CPU
		{A6B8B1C9-9860-4BF7-B0FC-000A0AA76C76}.Release|Any CPU.Build.0 = Release|Any CPU
		{AF1C120F-5A61-4C50-ABDD-BD901071A7AE}.Debug|Any CPU.ActiveCfg = Debug|Any CPU
		{AF1C120F-5A61-4C50-ABDD-BD901071A7AE}.Debug|Any CPU.Build.0 = Debug|Any CPU
		{AF1C120F-5A61-4C50-ABDD-BD901071A7AE}.Release|Any CPU.ActiveCfg = Release|Any CPU
		{AF1C120F-5A61-4C50-ABDD-BD901071A7AE}.Release|Any CPU.Build.0 = Release|Any CPU
		{CB71FA4B-A492-40ED-A5CF-7F1AB0C53C14}.Debug|Any CPU.ActiveCfg = Debug|Any CPU
		{CB71FA4B-A492-40ED-A5CF-7F1AB0C53C14}.Debug|Any CPU.Build.0 = Debug|Any CPU
		{CB71FA4B-A492-40ED-A5CF-7F1AB0C53C14}.Release|Any CPU.ActiveCfg = Release|Any CPU
		{CB71FA4B-A492-40ED-A5CF-7F1AB0C53C14}.Release|Any CPU.Build.0 = Release|Any CPU
		{F0A5EB77-92DE-4679-B14F-61D139706F04}.Debug|Any CPU.ActiveCfg = Debug|Any CPU
		{F0A5EB77-92DE-4679-B14F-61D139706F04}.Debug|Any CPU.Build.0 = Debug|Any CPU
		{F0A5EB77-92DE-4679-B14F-61D139706F04}.Release|Any CPU.ActiveCfg = Release|Any CPU
		{F0A5EB77-92DE-4679-B14F-61D139706F04}.Release|Any CPU.Build.0 = Release|Any CPU
		{AA252CE5-E529-454E-9E8A-C0CE47296984}.Debug|Any CPU.ActiveCfg = Debug|Any CPU
		{AA252CE5-E529-454E-9E8A-C0CE47296984}.Debug|Any CPU.Build.0 = Debug|Any CPU
		{AA252CE5-E529-454E-9E8A-C0CE47296984}.Release|Any CPU.ActiveCfg = Release|Any CPU
		{AA252CE5-E529-454E-9E8A-C0CE47296984}.Release|Any CPU.Build.0 = Release|Any CPU
		{12EA2623-11EE-4C4E-B77C-576C9326B15D}.Debug|Any CPU.ActiveCfg = Debug|Any CPU
		{12EA2623-11EE-4C4E-B77C-576C9326B15D}.Debug|Any CPU.Build.0 = Debug|Any CPU
		{12EA2623-11EE-4C4E-B77C-576C9326B15D}.Release|Any CPU.ActiveCfg = Release|Any CPU
		{12EA2623-11EE-4C4E-B77C-576C9326B15D}.Release|Any CPU.Build.0 = Release|Any CPU
		{317A59E3-CE2E-413C-851F-66D6057E506F}.Debug|Any CPU.ActiveCfg = Debug|Any CPU
		{317A59E3-CE2E-413C-851F-66D6057E506F}.Debug|Any CPU.Build.0 = Debug|Any CPU
		{317A59E3-CE2E-413C-851F-66D6057E506F}.Release|Any CPU.ActiveCfg = Release|Any CPU
		{317A59E3-CE2E-413C-851F-66D6057E506F}.Release|Any CPU.Build.0 = Release|Any CPU
		{590922A8-8CD7-43A5-822B-AA8C5E2E0A79}.Debug|Any CPU.ActiveCfg = Debug|Any CPU
		{590922A8-8CD7-43A5-822B-AA8C5E2E0A79}.Debug|Any CPU.Build.0 = Debug|Any CPU
		{590922A8-8CD7-43A5-822B-AA8C5E2E0A79}.Release|Any CPU.ActiveCfg = Release|Any CPU
		{590922A8-8CD7-43A5-822B-AA8C5E2E0A79}.Release|Any CPU.Build.0 = Release|Any CPU
		{BC521EDD-6F17-42A8-B12D-2EFF9A835A72}.Debug|Any CPU.ActiveCfg = Debug|Any CPU
		{BC521EDD-6F17-42A8-B12D-2EFF9A835A72}.Debug|Any CPU.Build.0 = Debug|Any CPU
		{BC521EDD-6F17-42A8-B12D-2EFF9A835A72}.Release|Any CPU.ActiveCfg = Release|Any CPU
		{BC521EDD-6F17-42A8-B12D-2EFF9A835A72}.Release|Any CPU.Build.0 = Release|Any CPU
		{8781E54F-1B3B-4ACE-B7DB-07D8B3861373}.Debug|Any CPU.ActiveCfg = Debug|Any CPU
		{8781E54F-1B3B-4ACE-B7DB-07D8B3861373}.Debug|Any CPU.Build.0 = Debug|Any CPU
		{8781E54F-1B3B-4ACE-B7DB-07D8B3861373}.Release|Any CPU.ActiveCfg = Release|Any CPU
		{8781E54F-1B3B-4ACE-B7DB-07D8B3861373}.Release|Any CPU.Build.0 = Release|Any CPU
		{980524C6-C6B8-492F-AD36-061C0D151846}.Debug|Any CPU.ActiveCfg = Debug|Any CPU
		{980524C6-C6B8-492F-AD36-061C0D151846}.Debug|Any CPU.Build.0 = Debug|Any CPU
		{980524C6-C6B8-492F-AD36-061C0D151846}.Release|Any CPU.ActiveCfg = Release|Any CPU
		{980524C6-C6B8-492F-AD36-061C0D151846}.Release|Any CPU.Build.0 = Release|Any CPU
		{1D0A55A7-0ED3-4EDF-A954-5E5E0F37B92B}.Debug|Any CPU.ActiveCfg = Debug|Any CPU
		{1D0A55A7-0ED3-4EDF-A954-5E5E0F37B92B}.Debug|Any CPU.Build.0 = Debug|Any CPU
		{1D0A55A7-0ED3-4EDF-A954-5E5E0F37B92B}.Release|Any CPU.ActiveCfg = Release|Any CPU
		{1D0A55A7-0ED3-4EDF-A954-5E5E0F37B92B}.Release|Any CPU.Build.0 = Release|Any CPU
		{B2763B3F-1340-4CAC-B54F-5660940014D7}.Debug|Any CPU.ActiveCfg = Debug|Any CPU
		{B2763B3F-1340-4CAC-B54F-5660940014D7}.Debug|Any CPU.Build.0 = Debug|Any CPU
		{B2763B3F-1340-4CAC-B54F-5660940014D7}.Release|Any CPU.ActiveCfg = Release|Any CPU
		{B2763B3F-1340-4CAC-B54F-5660940014D7}.Release|Any CPU.Build.0 = Release|Any CPU
		{379C57FF-0759-4E03-814B-91BB8FD7FB9D}.Debug|Any CPU.ActiveCfg = Debug|Any CPU
		{379C57FF-0759-4E03-814B-91BB8FD7FB9D}.Debug|Any CPU.Build.0 = Debug|Any CPU
		{379C57FF-0759-4E03-814B-91BB8FD7FB9D}.Release|Any CPU.ActiveCfg = Release|Any CPU
		{379C57FF-0759-4E03-814B-91BB8FD7FB9D}.Release|Any CPU.Build.0 = Release|Any CPU
		{C9D38E8F-25CD-43C2-B963-BFD51608C013}.Debug|Any CPU.ActiveCfg = Debug|Any CPU
		{C9D38E8F-25CD-43C2-B963-BFD51608C013}.Debug|Any CPU.Build.0 = Debug|Any CPU
		{C9D38E8F-25CD-43C2-B963-BFD51608C013}.Release|Any CPU.ActiveCfg = Release|Any CPU
		{C9D38E8F-25CD-43C2-B963-BFD51608C013}.Release|Any CPU.Build.0 = Release|Any CPU
		{9ABAA561-5E70-4786-8D02-0B6F799FA384}.Debug|Any CPU.ActiveCfg = Debug|Any CPU
		{9ABAA561-5E70-4786-8D02-0B6F799FA384}.Debug|Any CPU.Build.0 = Debug|Any CPU
		{9ABAA561-5E70-4786-8D02-0B6F799FA384}.Release|Any CPU.ActiveCfg = Release|Any CPU
		{9ABAA561-5E70-4786-8D02-0B6F799FA384}.Release|Any CPU.Build.0 = Release|Any CPU
		{2958C857-7D9F-46D0-870B-067FF7919ED5}.Debug|Any CPU.ActiveCfg = Debug|Any CPU
		{2958C857-7D9F-46D0-870B-067FF7919ED5}.Debug|Any CPU.Build.0 = Debug|Any CPU
		{2958C857-7D9F-46D0-870B-067FF7919ED5}.Release|Any CPU.ActiveCfg = Release|Any CPU
		{2958C857-7D9F-46D0-870B-067FF7919ED5}.Release|Any CPU.Build.0 = Release|Any CPU
		{6C6DA660-8670-479C-B9FD-D4F071D404A7}.Debug|Any CPU.ActiveCfg = Debug|Any CPU
		{6C6DA660-8670-479C-B9FD-D4F071D404A7}.Debug|Any CPU.Build.0 = Debug|Any CPU
		{6C6DA660-8670-479C-B9FD-D4F071D404A7}.Release|Any CPU.ActiveCfg = Release|Any CPU
		{6C6DA660-8670-479C-B9FD-D4F071D404A7}.Release|Any CPU.Build.0 = Release|Any CPU
		{C73F9946-C68D-408F-B88B-3429833326A8}.Debug|Any CPU.ActiveCfg = Debug|Any CPU
		{C73F9946-C68D-408F-B88B-3429833326A8}.Debug|Any CPU.Build.0 = Debug|Any CPU
		{C73F9946-C68D-408F-B88B-3429833326A8}.Release|Any CPU.ActiveCfg = Release|Any CPU
		{C73F9946-C68D-408F-B88B-3429833326A8}.Release|Any CPU.Build.0 = Release|Any CPU
		{C1F95ADB-E1D5-43F9-B6AB-B27A88BE4515}.Debug|Any CPU.ActiveCfg = Debug|Any CPU
		{C1F95ADB-E1D5-43F9-B6AB-B27A88BE4515}.Debug|Any CPU.Build.0 = Debug|Any CPU
		{C1F95ADB-E1D5-43F9-B6AB-B27A88BE4515}.Release|Any CPU.ActiveCfg = Release|Any CPU
		{C1F95ADB-E1D5-43F9-B6AB-B27A88BE4515}.Release|Any CPU.Build.0 = Release|Any CPU
		{A6ACC687-AC49-4971-81BC-1F32D3E301A0}.Debug|Any CPU.ActiveCfg = Debug|Any CPU
		{A6ACC687-AC49-4971-81BC-1F32D3E301A0}.Debug|Any CPU.Build.0 = Debug|Any CPU
		{A6ACC687-AC49-4971-81BC-1F32D3E301A0}.Release|Any CPU.ActiveCfg = Release|Any CPU
		{A6ACC687-AC49-4971-81BC-1F32D3E301A0}.Release|Any CPU.Build.0 = Release|Any CPU
		{BA48A603-F3A5-4720-97C8-C75A2CD1D572}.Debug|Any CPU.ActiveCfg = Debug|Any CPU
		{BA48A603-F3A5-4720-97C8-C75A2CD1D572}.Debug|Any CPU.Build.0 = Debug|Any CPU
		{BA48A603-F3A5-4720-97C8-C75A2CD1D572}.Release|Any CPU.ActiveCfg = Release|Any CPU
		{BA48A603-F3A5-4720-97C8-C75A2CD1D572}.Release|Any CPU.Build.0 = Release|Any CPU
		{48A1FC20-8FC6-4167-B50E-972D1585FCC2}.Debug|Any CPU.ActiveCfg = Debug|Any CPU
		{48A1FC20-8FC6-4167-B50E-972D1585FCC2}.Debug|Any CPU.Build.0 = Debug|Any CPU
		{48A1FC20-8FC6-4167-B50E-972D1585FCC2}.Release|Any CPU.ActiveCfg = Release|Any CPU
		{48A1FC20-8FC6-4167-B50E-972D1585FCC2}.Release|Any CPU.Build.0 = Release|Any CPU
		{24253C58-9E27-4480-AC2F-90277526B2A4}.Debug|Any CPU.ActiveCfg = Debug|Any CPU
		{24253C58-9E27-4480-AC2F-90277526B2A4}.Debug|Any CPU.Build.0 = Debug|Any CPU
		{24253C58-9E27-4480-AC2F-90277526B2A4}.Release|Any CPU.ActiveCfg = Release|Any CPU
		{24253C58-9E27-4480-AC2F-90277526B2A4}.Release|Any CPU.Build.0 = Release|Any CPU
		{64BE9BD4-2C9B-4EA0-98D6-C5B71FECBEE1}.Debug|Any CPU.ActiveCfg = Debug|Any CPU
		{64BE9BD4-2C9B-4EA0-98D6-C5B71FECBEE1}.Debug|Any CPU.Build.0 = Debug|Any CPU
		{64BE9BD4-2C9B-4EA0-98D6-C5B71FECBEE1}.Release|Any CPU.ActiveCfg = Release|Any CPU
		{64BE9BD4-2C9B-4EA0-98D6-C5B71FECBEE1}.Release|Any CPU.Build.0 = Release|Any CPU
		{376C2D3B-E693-4138-9527-A6DCF52E7C79}.Debug|Any CPU.ActiveCfg = Debug|Any CPU
		{376C2D3B-E693-4138-9527-A6DCF52E7C79}.Debug|Any CPU.Build.0 = Debug|Any CPU
		{376C2D3B-E693-4138-9527-A6DCF52E7C79}.Release|Any CPU.ActiveCfg = Release|Any CPU
		{376C2D3B-E693-4138-9527-A6DCF52E7C79}.Release|Any CPU.Build.0 = Release|Any CPU
		{2B90AB16-3A17-45A2-B045-77D627FFEBBE}.Debug|Any CPU.ActiveCfg = Debug|Any CPU
		{2B90AB16-3A17-45A2-B045-77D627FFEBBE}.Debug|Any CPU.Build.0 = Debug|Any CPU
		{2B90AB16-3A17-45A2-B045-77D627FFEBBE}.Release|Any CPU.ActiveCfg = Release|Any CPU
		{2B90AB16-3A17-45A2-B045-77D627FFEBBE}.Release|Any CPU.Build.0 = Release|Any CPU
		{C61A5553-3AC4-405E-9E85-9EEDF664EA78}.Debug|Any CPU.ActiveCfg = Debug|Any CPU
		{C61A5553-3AC4-405E-9E85-9EEDF664EA78}.Debug|Any CPU.Build.0 = Debug|Any CPU
		{C61A5553-3AC4-405E-9E85-9EEDF664EA78}.Release|Any CPU.ActiveCfg = Release|Any CPU
		{C61A5553-3AC4-405E-9E85-9EEDF664EA78}.Release|Any CPU.Build.0 = Release|Any CPU
		{4033B233-2346-466E-8061-4BAA0D322A77}.Debug|Any CPU.ActiveCfg = Debug|Any CPU
		{4033B233-2346-466E-8061-4BAA0D322A77}.Debug|Any CPU.Build.0 = Debug|Any CPU
		{4033B233-2346-466E-8061-4BAA0D322A77}.Release|Any CPU.ActiveCfg = Release|Any CPU
		{4033B233-2346-466E-8061-4BAA0D322A77}.Release|Any CPU.Build.0 = Release|Any CPU
		{15A94D59-73C9-4A5A-B593-5D18D88DF372}.Debug|Any CPU.ActiveCfg = Debug|Any CPU
		{15A94D59-73C9-4A5A-B593-5D18D88DF372}.Debug|Any CPU.Build.0 = Debug|Any CPU
		{15A94D59-73C9-4A5A-B593-5D18D88DF372}.Release|Any CPU.ActiveCfg = Release|Any CPU
		{15A94D59-73C9-4A5A-B593-5D18D88DF372}.Release|Any CPU.Build.0 = Release|Any CPU
		{ECD1B017-B22C-435F-8776-784F38E7F3CA}.Debug|Any CPU.ActiveCfg = Debug|Any CPU
		{ECD1B017-B22C-435F-8776-784F38E7F3CA}.Debug|Any CPU.Build.0 = Debug|Any CPU
		{ECD1B017-B22C-435F-8776-784F38E7F3CA}.Release|Any CPU.ActiveCfg = Release|Any CPU
		{ECD1B017-B22C-435F-8776-784F38E7F3CA}.Release|Any CPU.Build.0 = Release|Any CPU
		{50A81FE7-66D5-4467-B00F-43EDB2F4C65D}.Debug|Any CPU.ActiveCfg = Debug|Any CPU
		{50A81FE7-66D5-4467-B00F-43EDB2F4C65D}.Debug|Any CPU.Build.0 = Debug|Any CPU
		{50A81FE7-66D5-4467-B00F-43EDB2F4C65D}.Release|Any CPU.ActiveCfg = Release|Any CPU
		{50A81FE7-66D5-4467-B00F-43EDB2F4C65D}.Release|Any CPU.Build.0 = Release|Any CPU
		{4E7BE96A-7E8E-43A9-B64A-C0C2435B83A8}.Debug|Any CPU.ActiveCfg = Debug|Any CPU
		{4E7BE96A-7E8E-43A9-B64A-C0C2435B83A8}.Debug|Any CPU.Build.0 = Debug|Any CPU
		{4E7BE96A-7E8E-43A9-B64A-C0C2435B83A8}.Release|Any CPU.ActiveCfg = Release|Any CPU
		{4E7BE96A-7E8E-43A9-B64A-C0C2435B83A8}.Release|Any CPU.Build.0 = Release|Any CPU
		{1021B197-BECF-431E-AD77-AD82A861AB43}.Debug|Any CPU.ActiveCfg = Debug|Any CPU
		{1021B197-BECF-431E-AD77-AD82A861AB43}.Debug|Any CPU.Build.0 = Debug|Any CPU
		{1021B197-BECF-431E-AD77-AD82A861AB43}.Release|Any CPU.ActiveCfg = Release|Any CPU
		{1021B197-BECF-431E-AD77-AD82A861AB43}.Release|Any CPU.Build.0 = Release|Any CPU
		{B33B93F8-B969-4686-BD5A-DED25182CB67}.Debug|Any CPU.ActiveCfg = Debug|Any CPU
		{B33B93F8-B969-4686-BD5A-DED25182CB67}.Debug|Any CPU.Build.0 = Debug|Any CPU
		{B33B93F8-B969-4686-BD5A-DED25182CB67}.Release|Any CPU.ActiveCfg = Release|Any CPU
		{B33B93F8-B969-4686-BD5A-DED25182CB67}.Release|Any CPU.Build.0 = Release|Any CPU
		{933C7FEA-26F3-40A6-9AC7-14245E0C3112}.Debug|Any CPU.ActiveCfg = Debug|Any CPU
		{933C7FEA-26F3-40A6-9AC7-14245E0C3112}.Debug|Any CPU.Build.0 = Debug|Any CPU
		{933C7FEA-26F3-40A6-9AC7-14245E0C3112}.Release|Any CPU.ActiveCfg = Release|Any CPU
		{933C7FEA-26F3-40A6-9AC7-14245E0C3112}.Release|Any CPU.Build.0 = Release|Any CPU
		{268BB388-89AA-46BF-8894-F0B6EDCDE989}.Debug|Any CPU.ActiveCfg = Debug|Any CPU
		{268BB388-89AA-46BF-8894-F0B6EDCDE989}.Debug|Any CPU.Build.0 = Debug|Any CPU
		{268BB388-89AA-46BF-8894-F0B6EDCDE989}.Release|Any CPU.ActiveCfg = Release|Any CPU
		{268BB388-89AA-46BF-8894-F0B6EDCDE989}.Release|Any CPU.Build.0 = Release|Any CPU
		{0DAD51F8-7E04-4E33-9382-17A5D60AA3C5}.Debug|Any CPU.ActiveCfg = Debug|Any CPU
		{0DAD51F8-7E04-4E33-9382-17A5D60AA3C5}.Debug|Any CPU.Build.0 = Debug|Any CPU
		{0DAD51F8-7E04-4E33-9382-17A5D60AA3C5}.Release|Any CPU.ActiveCfg = Release|Any CPU
		{0DAD51F8-7E04-4E33-9382-17A5D60AA3C5}.Release|Any CPU.Build.0 = Release|Any CPU
		{5E159C96-7763-4874-AC3A-4A84B2FFDC0B}.Debug|Any CPU.ActiveCfg = Debug|Any CPU
		{5E159C96-7763-4874-AC3A-4A84B2FFDC0B}.Debug|Any CPU.Build.0 = Debug|Any CPU
		{5E159C96-7763-4874-AC3A-4A84B2FFDC0B}.Release|Any CPU.ActiveCfg = Release|Any CPU
		{5E159C96-7763-4874-AC3A-4A84B2FFDC0B}.Release|Any CPU.Build.0 = Release|Any CPU
		{D5FFFA27-94CA-418E-B49B-A2F21B39C8DC}.Debug|Any CPU.ActiveCfg = Debug|Any CPU
		{D5FFFA27-94CA-418E-B49B-A2F21B39C8DC}.Debug|Any CPU.Build.0 = Debug|Any CPU
		{D5FFFA27-94CA-418E-B49B-A2F21B39C8DC}.Release|Any CPU.ActiveCfg = Release|Any CPU
		{D5FFFA27-94CA-418E-B49B-A2F21B39C8DC}.Release|Any CPU.Build.0 = Release|Any CPU
		{A9FF39CE-6079-43F3-84F4-61871F26AE75}.Debug|Any CPU.ActiveCfg = Debug|Any CPU
		{A9FF39CE-6079-43F3-84F4-61871F26AE75}.Debug|Any CPU.Build.0 = Debug|Any CPU
		{A9FF39CE-6079-43F3-84F4-61871F26AE75}.Release|Any CPU.ActiveCfg = Release|Any CPU
		{A9FF39CE-6079-43F3-84F4-61871F26AE75}.Release|Any CPU.Build.0 = Release|Any CPU
		{C8E8FEF1-627E-4155-9092-E9F910A3B83F}.Debug|Any CPU.ActiveCfg = Debug|Any CPU
		{C8E8FEF1-627E-4155-9092-E9F910A3B83F}.Debug|Any CPU.Build.0 = Debug|Any CPU
		{C8E8FEF1-627E-4155-9092-E9F910A3B83F}.Release|Any CPU.ActiveCfg = Release|Any CPU
		{C8E8FEF1-627E-4155-9092-E9F910A3B83F}.Release|Any CPU.Build.0 = Release|Any CPU
		{55A91FAF-B48D-4EE2-AE11-9E1966B8F030}.Debug|Any CPU.ActiveCfg = Debug|Any CPU
		{55A91FAF-B48D-4EE2-AE11-9E1966B8F030}.Debug|Any CPU.Build.0 = Debug|Any CPU
		{55A91FAF-B48D-4EE2-AE11-9E1966B8F030}.Release|Any CPU.ActiveCfg = Release|Any CPU
		{55A91FAF-B48D-4EE2-AE11-9E1966B8F030}.Release|Any CPU.Build.0 = Release|Any CPU
		{51D7C8AA-6C41-4A8C-ADFE-568B762166D3}.Debug|Any CPU.ActiveCfg = Debug|Any CPU
		{51D7C8AA-6C41-4A8C-ADFE-568B762166D3}.Debug|Any CPU.Build.0 = Debug|Any CPU
		{51D7C8AA-6C41-4A8C-ADFE-568B762166D3}.Release|Any CPU.ActiveCfg = Release|Any CPU
		{51D7C8AA-6C41-4A8C-ADFE-568B762166D3}.Release|Any CPU.Build.0 = Release|Any CPU
		{3C84F4B3-DB31-4162-9CBE-A49DB9A0E3F0}.Debug|Any CPU.ActiveCfg = Debug|Any CPU
		{3C84F4B3-DB31-4162-9CBE-A49DB9A0E3F0}.Debug|Any CPU.Build.0 = Debug|Any CPU
		{3C84F4B3-DB31-4162-9CBE-A49DB9A0E3F0}.Release|Any CPU.ActiveCfg = Release|Any CPU
		{3C84F4B3-DB31-4162-9CBE-A49DB9A0E3F0}.Release|Any CPU.Build.0 = Release|Any CPU
		{E0EC3E5C-577C-450B-96FC-E9AD2D3CA7C1}.Debug|Any CPU.ActiveCfg = Debug|Any CPU
		{E0EC3E5C-577C-450B-96FC-E9AD2D3CA7C1}.Debug|Any CPU.Build.0 = Debug|Any CPU
		{E0EC3E5C-577C-450B-96FC-E9AD2D3CA7C1}.Release|Any CPU.ActiveCfg = Release|Any CPU
		{E0EC3E5C-577C-450B-96FC-E9AD2D3CA7C1}.Release|Any CPU.Build.0 = Release|Any CPU
		{85EB439B-F4E3-40C2-B018-F17B45AB6AFC}.Debug|Any CPU.ActiveCfg = Debug|Any CPU
		{85EB439B-F4E3-40C2-B018-F17B45AB6AFC}.Debug|Any CPU.Build.0 = Debug|Any CPU
		{85EB439B-F4E3-40C2-B018-F17B45AB6AFC}.Release|Any CPU.ActiveCfg = Release|Any CPU
		{85EB439B-F4E3-40C2-B018-F17B45AB6AFC}.Release|Any CPU.Build.0 = Release|Any CPU
		{8605ED7C-A307-44A0-BD54-FA2BA09FB562}.Debug|Any CPU.ActiveCfg = Debug|Any CPU
		{8605ED7C-A307-44A0-BD54-FA2BA09FB562}.Debug|Any CPU.Build.0 = Debug|Any CPU
		{8605ED7C-A307-44A0-BD54-FA2BA09FB562}.Release|Any CPU.ActiveCfg = Release|Any CPU
		{8605ED7C-A307-44A0-BD54-FA2BA09FB562}.Release|Any CPU.Build.0 = Release|Any CPU
		{E9B0C65E-2292-4292-856F-B1D9A3F6855C}.Debug|Any CPU.ActiveCfg = Debug|Any CPU
		{E9B0C65E-2292-4292-856F-B1D9A3F6855C}.Debug|Any CPU.Build.0 = Debug|Any CPU
		{E9B0C65E-2292-4292-856F-B1D9A3F6855C}.Release|Any CPU.ActiveCfg = Release|Any CPU
		{E9B0C65E-2292-4292-856F-B1D9A3F6855C}.Release|Any CPU.Build.0 = Release|Any CPU
		{BB9B0F53-9207-404B-B812-2A6A2C86A2D5}.Debug|Any CPU.ActiveCfg = Debug|Any CPU
		{BB9B0F53-9207-404B-B812-2A6A2C86A2D5}.Debug|Any CPU.Build.0 = Debug|Any CPU
		{BB9B0F53-9207-404B-B812-2A6A2C86A2D5}.Release|Any CPU.ActiveCfg = Release|Any CPU
		{BB9B0F53-9207-404B-B812-2A6A2C86A2D5}.Release|Any CPU.Build.0 = Release|Any CPU
		{A502FD11-9424-4861-B7DB-B1C1710A78BF}.Debug|Any CPU.ActiveCfg = Debug|Any CPU
		{A502FD11-9424-4861-B7DB-B1C1710A78BF}.Debug|Any CPU.Build.0 = Debug|Any CPU
		{A502FD11-9424-4861-B7DB-B1C1710A78BF}.Release|Any CPU.ActiveCfg = Release|Any CPU
		{A502FD11-9424-4861-B7DB-B1C1710A78BF}.Release|Any CPU.Build.0 = Release|Any CPU
		{0D0F5522-356E-492E-A79B-DD890D8B7B9D}.Debug|Any CPU.ActiveCfg = Debug|Any CPU
		{0D0F5522-356E-492E-A79B-DD890D8B7B9D}.Debug|Any CPU.Build.0 = Debug|Any CPU
		{0D0F5522-356E-492E-A79B-DD890D8B7B9D}.Release|Any CPU.ActiveCfg = Release|Any CPU
		{0D0F5522-356E-492E-A79B-DD890D8B7B9D}.Release|Any CPU.Build.0 = Release|Any CPU
		{7DCF1BC0-D81C-4923-B78A-78C9AE1F8C0F}.Debug|Any CPU.ActiveCfg = Debug|Any CPU
		{7DCF1BC0-D81C-4923-B78A-78C9AE1F8C0F}.Debug|Any CPU.Build.0 = Debug|Any CPU
		{7DCF1BC0-D81C-4923-B78A-78C9AE1F8C0F}.Release|Any CPU.ActiveCfg = Release|Any CPU
		{7DCF1BC0-D81C-4923-B78A-78C9AE1F8C0F}.Release|Any CPU.Build.0 = Release|Any CPU
		{43B8B247-DA4F-4B3C-AD87-E15CBA054554}.Debug|Any CPU.ActiveCfg = Debug|Any CPU
		{43B8B247-DA4F-4B3C-AD87-E15CBA054554}.Debug|Any CPU.Build.0 = Debug|Any CPU
		{43B8B247-DA4F-4B3C-AD87-E15CBA054554}.Release|Any CPU.ActiveCfg = Release|Any CPU
		{43B8B247-DA4F-4B3C-AD87-E15CBA054554}.Release|Any CPU.Build.0 = Release|Any CPU
		{9B7CE1F3-4556-40C9-807C-F9D4CEB5E83A}.Debug|Any CPU.ActiveCfg = Debug|Any CPU
		{9B7CE1F3-4556-40C9-807C-F9D4CEB5E83A}.Debug|Any CPU.Build.0 = Debug|Any CPU
		{9B7CE1F3-4556-40C9-807C-F9D4CEB5E83A}.Release|Any CPU.ActiveCfg = Release|Any CPU
		{9B7CE1F3-4556-40C9-807C-F9D4CEB5E83A}.Release|Any CPU.Build.0 = Release|Any CPU
		{ECA52A1D-C47A-4DC2-A88E-D61454E5F334}.Debug|Any CPU.ActiveCfg = Debug|Any CPU
		{ECA52A1D-C47A-4DC2-A88E-D61454E5F334}.Debug|Any CPU.Build.0 = Debug|Any CPU
		{ECA52A1D-C47A-4DC2-A88E-D61454E5F334}.Release|Any CPU.ActiveCfg = Release|Any CPU
		{ECA52A1D-C47A-4DC2-A88E-D61454E5F334}.Release|Any CPU.Build.0 = Release|Any CPU
		{2E4E2010-7031-46F0-87FC-8CDA1AC9D0CA}.Debug|Any CPU.ActiveCfg = Debug|Any CPU
		{2E4E2010-7031-46F0-87FC-8CDA1AC9D0CA}.Debug|Any CPU.Build.0 = Debug|Any CPU
		{2E4E2010-7031-46F0-87FC-8CDA1AC9D0CA}.Release|Any CPU.ActiveCfg = Release|Any CPU
		{2E4E2010-7031-46F0-87FC-8CDA1AC9D0CA}.Release|Any CPU.Build.0 = Release|Any CPU
		{85B5DE8F-23A3-4406-8DD9-2D5CCCE85CD9}.Debug|Any CPU.ActiveCfg = Debug|Any CPU
		{85B5DE8F-23A3-4406-8DD9-2D5CCCE85CD9}.Debug|Any CPU.Build.0 = Debug|Any CPU
		{85B5DE8F-23A3-4406-8DD9-2D5CCCE85CD9}.Release|Any CPU.ActiveCfg = Release|Any CPU
		{85B5DE8F-23A3-4406-8DD9-2D5CCCE85CD9}.Release|Any CPU.Build.0 = Release|Any CPU
		{E4FBF328-CB7B-4BF2-84CE-A561DE7E4007}.Debug|Any CPU.ActiveCfg = Debug|Any CPU
		{E4FBF328-CB7B-4BF2-84CE-A561DE7E4007}.Debug|Any CPU.Build.0 = Debug|Any CPU
		{E4FBF328-CB7B-4BF2-84CE-A561DE7E4007}.Release|Any CPU.ActiveCfg = Release|Any CPU
		{E4FBF328-CB7B-4BF2-84CE-A561DE7E4007}.Release|Any CPU.Build.0 = Release|Any CPU
		{F2E5CB94-E3C2-46E7-BDAB-9CA0BD262B40}.Debug|Any CPU.ActiveCfg = Debug|Any CPU
		{F2E5CB94-E3C2-46E7-BDAB-9CA0BD262B40}.Debug|Any CPU.Build.0 = Debug|Any CPU
		{F2E5CB94-E3C2-46E7-BDAB-9CA0BD262B40}.Release|Any CPU.ActiveCfg = Release|Any CPU
		{F2E5CB94-E3C2-46E7-BDAB-9CA0BD262B40}.Release|Any CPU.Build.0 = Release|Any CPU
		{5934069E-0C68-46FA-85FC-69780894F97B}.Debug|Any CPU.ActiveCfg = Debug|Any CPU
		{5934069E-0C68-46FA-85FC-69780894F97B}.Debug|Any CPU.Build.0 = Debug|Any CPU
		{5934069E-0C68-46FA-85FC-69780894F97B}.Release|Any CPU.ActiveCfg = Release|Any CPU
		{5934069E-0C68-46FA-85FC-69780894F97B}.Release|Any CPU.Build.0 = Release|Any CPU
		{F9DDC81F-9E56-4331-B98A-7368158718DC}.Debug|Any CPU.ActiveCfg = Debug|Any CPU
		{F9DDC81F-9E56-4331-B98A-7368158718DC}.Debug|Any CPU.Build.0 = Debug|Any CPU
		{F9DDC81F-9E56-4331-B98A-7368158718DC}.Release|Any CPU.ActiveCfg = Release|Any CPU
		{F9DDC81F-9E56-4331-B98A-7368158718DC}.Release|Any CPU.Build.0 = Release|Any CPU
		{094E1623-9DBF-42BB-9E30-CB111CF3A9C5}.Debug|Any CPU.ActiveCfg = Debug|Any CPU
		{094E1623-9DBF-42BB-9E30-CB111CF3A9C5}.Debug|Any CPU.Build.0 = Debug|Any CPU
		{094E1623-9DBF-42BB-9E30-CB111CF3A9C5}.Release|Any CPU.ActiveCfg = Release|Any CPU
		{094E1623-9DBF-42BB-9E30-CB111CF3A9C5}.Release|Any CPU.Build.0 = Release|Any CPU
		{5DFC1FDB-EAE9-41C8-B380-FCF1F5A45900}.Debug|Any CPU.ActiveCfg = Debug|Any CPU
		{5DFC1FDB-EAE9-41C8-B380-FCF1F5A45900}.Debug|Any CPU.Build.0 = Debug|Any CPU
		{5DFC1FDB-EAE9-41C8-B380-FCF1F5A45900}.Release|Any CPU.ActiveCfg = Release|Any CPU
		{5DFC1FDB-EAE9-41C8-B380-FCF1F5A45900}.Release|Any CPU.Build.0 = Release|Any CPU
		{7D905875-C370-4CED-B2EA-3EB607419BB7}.Debug|Any CPU.ActiveCfg = Debug|Any CPU
		{7D905875-C370-4CED-B2EA-3EB607419BB7}.Debug|Any CPU.Build.0 = Debug|Any CPU
		{7D905875-C370-4CED-B2EA-3EB607419BB7}.Release|Any CPU.ActiveCfg = Release|Any CPU
		{7D905875-C370-4CED-B2EA-3EB607419BB7}.Release|Any CPU.Build.0 = Release|Any CPU
		{98BC32C5-9A8C-417A-BF0F-FEB2B5512B84}.Debug|Any CPU.ActiveCfg = Debug|Any CPU
		{98BC32C5-9A8C-417A-BF0F-FEB2B5512B84}.Debug|Any CPU.Build.0 = Debug|Any CPU
		{98BC32C5-9A8C-417A-BF0F-FEB2B5512B84}.Release|Any CPU.ActiveCfg = Release|Any CPU
		{98BC32C5-9A8C-417A-BF0F-FEB2B5512B84}.Release|Any CPU.Build.0 = Release|Any CPU
		{FE20ACBD-E6BB-494C-8AAE-82B353725CE5}.Debug|Any CPU.ActiveCfg = Debug|Any CPU
		{FE20ACBD-E6BB-494C-8AAE-82B353725CE5}.Debug|Any CPU.Build.0 = Debug|Any CPU
		{FE20ACBD-E6BB-494C-8AAE-82B353725CE5}.Release|Any CPU.ActiveCfg = Release|Any CPU
		{FE20ACBD-E6BB-494C-8AAE-82B353725CE5}.Release|Any CPU.Build.0 = Release|Any CPU
		{9A84E3B7-BEDC-4B96-BEA9-A48153EF6F7E}.Debug|Any CPU.ActiveCfg = Debug|Any CPU
		{9A84E3B7-BEDC-4B96-BEA9-A48153EF6F7E}.Debug|Any CPU.Build.0 = Debug|Any CPU
		{9A84E3B7-BEDC-4B96-BEA9-A48153EF6F7E}.Release|Any CPU.ActiveCfg = Release|Any CPU
		{9A84E3B7-BEDC-4B96-BEA9-A48153EF6F7E}.Release|Any CPU.Build.0 = Release|Any CPU
		{7F387388-F576-4611-A757-8EBC7F452731}.Debug|Any CPU.ActiveCfg = Debug|Any CPU
		{7F387388-F576-4611-A757-8EBC7F452731}.Debug|Any CPU.Build.0 = Debug|Any CPU
		{7F387388-F576-4611-A757-8EBC7F452731}.Release|Any CPU.ActiveCfg = Release|Any CPU
		{7F387388-F576-4611-A757-8EBC7F452731}.Release|Any CPU.Build.0 = Release|Any CPU
		{1C688897-6408-4144-BDE2-FECA1C301654}.Debug|Any CPU.ActiveCfg = Debug|Any CPU
		{1C688897-6408-4144-BDE2-FECA1C301654}.Debug|Any CPU.Build.0 = Debug|Any CPU
		{1C688897-6408-4144-BDE2-FECA1C301654}.Release|Any CPU.ActiveCfg = Release|Any CPU
		{1C688897-6408-4144-BDE2-FECA1C301654}.Release|Any CPU.Build.0 = Release|Any CPU
		{89AA7AA0-03E6-4BF5-976D-4DDAA0201666}.Debug|Any CPU.ActiveCfg = Debug|Any CPU
		{89AA7AA0-03E6-4BF5-976D-4DDAA0201666}.Debug|Any CPU.Build.0 = Debug|Any CPU
		{89AA7AA0-03E6-4BF5-976D-4DDAA0201666}.Release|Any CPU.ActiveCfg = Release|Any CPU
		{89AA7AA0-03E6-4BF5-976D-4DDAA0201666}.Release|Any CPU.Build.0 = Release|Any CPU
		{D36FBFBE-6234-4D54-BE2E-6DC2021B5C2B}.Debug|Any CPU.ActiveCfg = Debug|Any CPU
		{D36FBFBE-6234-4D54-BE2E-6DC2021B5C2B}.Debug|Any CPU.Build.0 = Debug|Any CPU
		{D36FBFBE-6234-4D54-BE2E-6DC2021B5C2B}.Release|Any CPU.ActiveCfg = Release|Any CPU
		{D36FBFBE-6234-4D54-BE2E-6DC2021B5C2B}.Release|Any CPU.Build.0 = Release|Any CPU
		{46402019-BE28-480F-A586-F8DB12C47BAA}.Debug|Any CPU.ActiveCfg = Debug|Any CPU
		{46402019-BE28-480F-A586-F8DB12C47BAA}.Debug|Any CPU.Build.0 = Debug|Any CPU
		{46402019-BE28-480F-A586-F8DB12C47BAA}.Release|Any CPU.ActiveCfg = Release|Any CPU
		{46402019-BE28-480F-A586-F8DB12C47BAA}.Release|Any CPU.Build.0 = Release|Any CPU
		{3BF0727E-2F8B-43D0-A4E7-7AA02E227FD9}.Debug|Any CPU.ActiveCfg = Debug|Any CPU
		{3BF0727E-2F8B-43D0-A4E7-7AA02E227FD9}.Debug|Any CPU.Build.0 = Debug|Any CPU
		{3BF0727E-2F8B-43D0-A4E7-7AA02E227FD9}.Release|Any CPU.ActiveCfg = Release|Any CPU
		{3BF0727E-2F8B-43D0-A4E7-7AA02E227FD9}.Release|Any CPU.Build.0 = Release|Any CPU
		{D50FC877-97FD-444F-918C-F9D321BBBC5C}.Debug|Any CPU.ActiveCfg = Debug|Any CPU
		{D50FC877-97FD-444F-918C-F9D321BBBC5C}.Debug|Any CPU.Build.0 = Debug|Any CPU
		{D50FC877-97FD-444F-918C-F9D321BBBC5C}.Release|Any CPU.ActiveCfg = Release|Any CPU
		{D50FC877-97FD-444F-918C-F9D321BBBC5C}.Release|Any CPU.Build.0 = Release|Any CPU
		{E16AC0EA-23C2-4AD5-BA5E-02E1B8222178}.Debug|Any CPU.ActiveCfg = Debug|Any CPU
		{E16AC0EA-23C2-4AD5-BA5E-02E1B8222178}.Debug|Any CPU.Build.0 = Debug|Any CPU
		{E16AC0EA-23C2-4AD5-BA5E-02E1B8222178}.Release|Any CPU.ActiveCfg = Release|Any CPU
		{E16AC0EA-23C2-4AD5-BA5E-02E1B8222178}.Release|Any CPU.Build.0 = Release|Any CPU
		{111DC422-F0A7-4598-B48D-7C1EB58BD820}.Debug|Any CPU.ActiveCfg = Debug|Any CPU
		{111DC422-F0A7-4598-B48D-7C1EB58BD820}.Debug|Any CPU.Build.0 = Debug|Any CPU
		{111DC422-F0A7-4598-B48D-7C1EB58BD820}.Release|Any CPU.ActiveCfg = Release|Any CPU
		{111DC422-F0A7-4598-B48D-7C1EB58BD820}.Release|Any CPU.Build.0 = Release|Any CPU
		{E7618DB1-16CE-40D3-8A10-2A379C83B5C5}.Debug|Any CPU.ActiveCfg = Debug|Any CPU
		{E7618DB1-16CE-40D3-8A10-2A379C83B5C5}.Debug|Any CPU.Build.0 = Debug|Any CPU
		{E7618DB1-16CE-40D3-8A10-2A379C83B5C5}.Release|Any CPU.ActiveCfg = Release|Any CPU
		{E7618DB1-16CE-40D3-8A10-2A379C83B5C5}.Release|Any CPU.Build.0 = Release|Any CPU
		{CDD3719E-9EC6-4EA5-8419-EDAC317F178D}.Debug|Any CPU.ActiveCfg = Debug|Any CPU
		{CDD3719E-9EC6-4EA5-8419-EDAC317F178D}.Debug|Any CPU.Build.0 = Debug|Any CPU
		{CDD3719E-9EC6-4EA5-8419-EDAC317F178D}.Release|Any CPU.ActiveCfg = Release|Any CPU
		{CDD3719E-9EC6-4EA5-8419-EDAC317F178D}.Release|Any CPU.Build.0 = Release|Any CPU
	EndGlobalSection
	GlobalSection(SolutionProperties) = preSolution
		HideSolutionNode = FALSE
	EndGlobalSection
	GlobalSection(NestedProjects) = preSolution
		{A6B8B1C9-9860-4BF7-B0FC-000A0AA76C76} = {9B237426-D333-4525-AAB4-3AC841587B27}
		{AF1C120F-5A61-4C50-ABDD-BD901071A7AE} = {9B237426-D333-4525-AAB4-3AC841587B27}
		{CB71FA4B-A492-40ED-A5CF-7F1AB0C53C14} = {9B237426-D333-4525-AAB4-3AC841587B27}
		{F0A5EB77-92DE-4679-B14F-61D139706F04} = {9B237426-D333-4525-AAB4-3AC841587B27}
		{AA252CE5-E529-454E-9E8A-C0CE47296984} = {F80797A5-390D-4EF1-BF6A-2B665B9D223F}
		{12EA2623-11EE-4C4E-B77C-576C9326B15D} = {F80797A5-390D-4EF1-BF6A-2B665B9D223F}
		{317A59E3-CE2E-413C-851F-66D6057E506F} = {F80797A5-390D-4EF1-BF6A-2B665B9D223F}
		{590922A8-8CD7-43A5-822B-AA8C5E2E0A79} = {F80797A5-390D-4EF1-BF6A-2B665B9D223F}
		{BC521EDD-6F17-42A8-B12D-2EFF9A835A72} = {F80797A5-390D-4EF1-BF6A-2B665B9D223F}
		{8781E54F-1B3B-4ACE-B7DB-07D8B3861373} = {F80797A5-390D-4EF1-BF6A-2B665B9D223F}
		{980524C6-C6B8-492F-AD36-061C0D151846} = {F80797A5-390D-4EF1-BF6A-2B665B9D223F}
		{1D0A55A7-0ED3-4EDF-A954-5E5E0F37B92B} = {F80797A5-390D-4EF1-BF6A-2B665B9D223F}
		{B2763B3F-1340-4CAC-B54F-5660940014D7} = {F80797A5-390D-4EF1-BF6A-2B665B9D223F}
		{379C57FF-0759-4E03-814B-91BB8FD7FB9D} = {F80797A5-390D-4EF1-BF6A-2B665B9D223F}
		{C9D38E8F-25CD-43C2-B963-BFD51608C013} = {F80797A5-390D-4EF1-BF6A-2B665B9D223F}
		{9ABAA561-5E70-4786-8D02-0B6F799FA384} = {F80797A5-390D-4EF1-BF6A-2B665B9D223F}
		{2958C857-7D9F-46D0-870B-067FF7919ED5} = {F80797A5-390D-4EF1-BF6A-2B665B9D223F}
		{6C6DA660-8670-479C-B9FD-D4F071D404A7} = {05088763-6C4F-4262-9238-67EAB1A9D8F7}
		{C73F9946-C68D-408F-B88B-3429833326A8} = {05088763-6C4F-4262-9238-67EAB1A9D8F7}
		{C1F95ADB-E1D5-43F9-B6AB-B27A88BE4515} = {05088763-6C4F-4262-9238-67EAB1A9D8F7}
		{A6ACC687-AC49-4971-81BC-1F32D3E301A0} = {05088763-6C4F-4262-9238-67EAB1A9D8F7}
		{BA48A603-F3A5-4720-97C8-C75A2CD1D572} = {05088763-6C4F-4262-9238-67EAB1A9D8F7}
		{48A1FC20-8FC6-4167-B50E-972D1585FCC2} = {05088763-6C4F-4262-9238-67EAB1A9D8F7}
		{24253C58-9E27-4480-AC2F-90277526B2A4} = {05088763-6C4F-4262-9238-67EAB1A9D8F7}
		{64BE9BD4-2C9B-4EA0-98D6-C5B71FECBEE1} = {05088763-6C4F-4262-9238-67EAB1A9D8F7}
		{376C2D3B-E693-4138-9527-A6DCF52E7C79} = {05088763-6C4F-4262-9238-67EAB1A9D8F7}
		{2B90AB16-3A17-45A2-B045-77D627FFEBBE} = {05088763-6C4F-4262-9238-67EAB1A9D8F7}
		{C61A5553-3AC4-405E-9E85-9EEDF664EA78} = {05088763-6C4F-4262-9238-67EAB1A9D8F7}
		{4033B233-2346-466E-8061-4BAA0D322A77} = {05088763-6C4F-4262-9238-67EAB1A9D8F7}
		{15A94D59-73C9-4A5A-B593-5D18D88DF372} = {7F9B85D7-43F7-420B-A8CE-FE078022A9BC}
		{ECD1B017-B22C-435F-8776-784F38E7F3CA} = {7F9B85D7-43F7-420B-A8CE-FE078022A9BC}
		{50A81FE7-66D5-4467-B00F-43EDB2F4C65D} = {7F9B85D7-43F7-420B-A8CE-FE078022A9BC}
		{4E7BE96A-7E8E-43A9-B64A-C0C2435B83A8} = {7F9B85D7-43F7-420B-A8CE-FE078022A9BC}
		{1021B197-BECF-431E-AD77-AD82A861AB43} = {7F9B85D7-43F7-420B-A8CE-FE078022A9BC}
		{B33B93F8-B969-4686-BD5A-DED25182CB67} = {7F9B85D7-43F7-420B-A8CE-FE078022A9BC}
		{933C7FEA-26F3-40A6-9AC7-14245E0C3112} = {7F9B85D7-43F7-420B-A8CE-FE078022A9BC}
		{268BB388-89AA-46BF-8894-F0B6EDCDE989} = {7F9B85D7-43F7-420B-A8CE-FE078022A9BC}
		{0DAD51F8-7E04-4E33-9382-17A5D60AA3C5} = {7F9B85D7-43F7-420B-A8CE-FE078022A9BC}
		{5E159C96-7763-4874-AC3A-4A84B2FFDC0B} = {7F9B85D7-43F7-420B-A8CE-FE078022A9BC}
		{D5FFFA27-94CA-418E-B49B-A2F21B39C8DC} = {7F9B85D7-43F7-420B-A8CE-FE078022A9BC}
		{A9FF39CE-6079-43F3-84F4-61871F26AE75} = {7F9B85D7-43F7-420B-A8CE-FE078022A9BC}
		{C8E8FEF1-627E-4155-9092-E9F910A3B83F} = {153C9E87-65E8-4312-87FA-AEFA409EF18D}
		{55A91FAF-B48D-4EE2-AE11-9E1966B8F030} = {153C9E87-65E8-4312-87FA-AEFA409EF18D}
		{51D7C8AA-6C41-4A8C-ADFE-568B762166D3} = {153C9E87-65E8-4312-87FA-AEFA409EF18D}
		{3C84F4B3-DB31-4162-9CBE-A49DB9A0E3F0} = {153C9E87-65E8-4312-87FA-AEFA409EF18D}
		{E0EC3E5C-577C-450B-96FC-E9AD2D3CA7C1} = {153C9E87-65E8-4312-87FA-AEFA409EF18D}
		{85EB439B-F4E3-40C2-B018-F17B45AB6AFC} = {153C9E87-65E8-4312-87FA-AEFA409EF18D}
		{8605ED7C-A307-44A0-BD54-FA2BA09FB562} = {153C9E87-65E8-4312-87FA-AEFA409EF18D}
		{E9B0C65E-2292-4292-856F-B1D9A3F6855C} = {153C9E87-65E8-4312-87FA-AEFA409EF18D}
		{BB9B0F53-9207-404B-B812-2A6A2C86A2D5} = {153C9E87-65E8-4312-87FA-AEFA409EF18D}
		{A502FD11-9424-4861-B7DB-B1C1710A78BF} = {153C9E87-65E8-4312-87FA-AEFA409EF18D}
		{0D0F5522-356E-492E-A79B-DD890D8B7B9D} = {153C9E87-65E8-4312-87FA-AEFA409EF18D}
		{7DCF1BC0-D81C-4923-B78A-78C9AE1F8C0F} = {153C9E87-65E8-4312-87FA-AEFA409EF18D}
		{43B8B247-DA4F-4B3C-AD87-E15CBA054554} = {153C9E87-65E8-4312-87FA-AEFA409EF18D}
		{9B7CE1F3-4556-40C9-807C-F9D4CEB5E83A} = {FAD6C273-CDC2-4649-9608-CA0BD0B681E6}
		{ECA52A1D-C47A-4DC2-A88E-D61454E5F334} = {FAD6C273-CDC2-4649-9608-CA0BD0B681E6}
		{2E4E2010-7031-46F0-87FC-8CDA1AC9D0CA} = {FAD6C273-CDC2-4649-9608-CA0BD0B681E6}
		{85B5DE8F-23A3-4406-8DD9-2D5CCCE85CD9} = {FAD6C273-CDC2-4649-9608-CA0BD0B681E6}
		{E4FBF328-CB7B-4BF2-84CE-A561DE7E4007} = {FAD6C273-CDC2-4649-9608-CA0BD0B681E6}
		{F2E5CB94-E3C2-46E7-BDAB-9CA0BD262B40} = {FAD6C273-CDC2-4649-9608-CA0BD0B681E6}
		{5934069E-0C68-46FA-85FC-69780894F97B} = {FAD6C273-CDC2-4649-9608-CA0BD0B681E6}
		{F9DDC81F-9E56-4331-B98A-7368158718DC} = {FAD6C273-CDC2-4649-9608-CA0BD0B681E6}
		{094E1623-9DBF-42BB-9E30-CB111CF3A9C5} = {D8513B38-3C84-4C38-945F-3372E0FE5E43}
		{5DFC1FDB-EAE9-41C8-B380-FCF1F5A45900} = {D8513B38-3C84-4C38-945F-3372E0FE5E43}
		{7D905875-C370-4CED-B2EA-3EB607419BB7} = {D8513B38-3C84-4C38-945F-3372E0FE5E43}
		{98BC32C5-9A8C-417A-BF0F-FEB2B5512B84} = {D8513B38-3C84-4C38-945F-3372E0FE5E43}
		{FE20ACBD-E6BB-494C-8AAE-82B353725CE5} = {D8513B38-3C84-4C38-945F-3372E0FE5E43}
		{9A84E3B7-BEDC-4B96-BEA9-A48153EF6F7E} = {D8513B38-3C84-4C38-945F-3372E0FE5E43}
		{7F387388-F576-4611-A757-8EBC7F452731} = {60834EA9-D0CC-4854-B75A-7FAECEC1A791}
		{1C688897-6408-4144-BDE2-FECA1C301654} = {60834EA9-D0CC-4854-B75A-7FAECEC1A791}
		{89AA7AA0-03E6-4BF5-976D-4DDAA0201666} = {60834EA9-D0CC-4854-B75A-7FAECEC1A791}
		{D36FBFBE-6234-4D54-BE2E-6DC2021B5C2B} = {60834EA9-D0CC-4854-B75A-7FAECEC1A791}
		{46402019-BE28-480F-A586-F8DB12C47BAA} = {60834EA9-D0CC-4854-B75A-7FAECEC1A791}
		{3BF0727E-2F8B-43D0-A4E7-7AA02E227FD9} = {60834EA9-D0CC-4854-B75A-7FAECEC1A791}
		{D50FC877-97FD-444F-918C-F9D321BBBC5C} = {60834EA9-D0CC-4854-B75A-7FAECEC1A791}
		{E16AC0EA-23C2-4AD5-BA5E-02E1B8222178} = {60834EA9-D0CC-4854-B75A-7FAECEC1A791}
		{111DC422-F0A7-4598-B48D-7C1EB58BD820} = {60834EA9-D0CC-4854-B75A-7FAECEC1A791}
		{E7618DB1-16CE-40D3-8A10-2A379C83B5C5} = {60834EA9-D0CC-4854-B75A-7FAECEC1A791}
		{CDD3719E-9EC6-4EA5-8419-EDAC317F178D} = {60834EA9-D0CC-4854-B75A-7FAECEC1A791}
	EndGlobalSection
	GlobalSection(ExtensibilityGlobals) = postSolution
		SolutionGuid = {B5148EA7-C249-4D01-9545-C2D4363A05B0}
	EndGlobalSection
EndGlobal
